
Microsoft Visual Studio Solution File, Format Version 11.00
# Visual Studio 2010
Project("{8BC9CEB8-8B4A-11D0-8D11-00A0C91BC942}") = "beCore", "beCore\beCore.vcxproj", "{ACB7C578-D1C5-4994-A860-CD005C350441}"
EndProject
Project("{8BC9CEB8-8B4A-11D0-8D11-00A0C91BC942}") = "beMath", "beMath\beMath.vcxproj", "{669A57FC-7096-4322-86AC-67F86DF45FC9}"
EndProject
Project("{8BC9CEB8-8B4A-11D0-8D11-00A0C91BC942}") = "beEntitySystem", "beEntitySystem\beEntitySystem.vcxproj", "{28C23B17-9B9B-4A11-82EB-53334DC20AAD}"
EndProject
Project("{8BC9CEB8-8B4A-11D0-8D11-00A0C91BC942}") = "beGraphics", "beGraphics\beGraphics.vcxproj", "{8D8EFB2D-8A71-470F-B2C8-8C99E6C3A11C}"
EndProject
Project("{8BC9CEB8-8B4A-11D0-8D11-00A0C91BC942}") = "beScene", "beScene\beScene.vcxproj", "{8EA08608-DE1D-4B10-87F3-EF1920401AFB}"
EndProject
Project("{8BC9CEB8-8B4A-11D0-8D11-00A0C91BC942}") = "bePhysics", "bePhysics\bePhysics.vcxproj", "{36CF7AFA-B50F-4F01-8708-C88C80E19991}"
EndProject
Project("{8BC9CEB8-8B4A-11D0-8D11-00A0C91BC942}") = "beLauncher", "Framework\beLauncher\beLauncher.vcxproj", "{87AFC164-CB0C-4E91-A94D-D467D789ACA2}"
EndProject
Project("{8BC9CEB8-8B4A-11D0-8D11-00A0C91BC942}") = "beResourceCompiler", "Framework\beResourceCompiler\beResourceCompiler.vcxproj", "{38C74D07-19D6-4CA4-9E34-D95FD3E92583}"
EndProject
Project("{8BC9CEB8-8B4A-11D0-8D11-00A0C91BC942}") = "Shaders", "Shaders\Shaders.vcxproj", "{953F5404-B0BB-471C-BC6E-92CB0A93DA24}"
EndProject
Project("{8BC9CEB8-8B4A-11D0-8D11-00A0C91BC942}") = "berc", "Tools\berc\berc.vcxproj", "{5ED60B38-725E-46CC-A45D-A5EB43E272C0}"
EndProject
Project("{8BC9CEB8-8B4A-11D0-8D11-00A0C91BC942}") = "breezEd", "Tools\breezEd\breezEd.vcxproj", "{A81045C6-8D5B-4645-8BD6-57174AD5DBEC}"
EndProject
Project("{2150E333-8FDC-42A3-9474-1A3956D46DE8}") = "Content Pipeline", "Content Pipeline", "{B2C3A108-E793-4F19-96BB-07FA1E257F33}"
EndProject
Project("{2150E333-8FDC-42A3-9474-1A3956D46DE8}") = "Engine", "Engine", "{BB72669C-FC02-4D32-B340-484FABDFC2A8}"
EndProject
Project("{2150E333-8FDC-42A3-9474-1A3956D46DE8}") = "Framework", "Framework", "{E0460F0E-76FA-414B-B0AB-56A56252040D}"
EndProject
Project("{2150E333-8FDC-42A3-9474-1A3956D46DE8}") = "Dependencies", "Dependencies", "{16E36F67-8DE3-44FF-8AD4-0E97DF6C099B}"
EndProject
Project("{8BC9CEB8-8B4A-11D0-8D11-00A0C91BC942}") = "Effects11", "External\DirectX11\Effects11\Effects11_2010.vcxproj", "{DF460EAB-570D-4B50-9089-2E2FC801BF38}"
EndProject
Project("{8BC9CEB8-8B4A-11D0-8D11-00A0C91BC942}") = "beAssets", "beAssets\beAssets.vcxproj", "{513E1F3C-4457-4BF9-A871-5356EEB6327C}"
EndProject
Global
	GlobalSection(SolutionConfigurationPlatforms) = preSolution
		Debug|Win32 = Debug|Win32
		Debug|x64 = Debug|x64
		Profile|Win32 = Profile|Win32
		Profile|x64 = Profile|x64
		Release|Win32 = Release|Win32
		Release|x64 = Release|x64
	EndGlobalSection
	GlobalSection(ProjectConfigurationPlatforms) = postSolution
		{ACB7C578-D1C5-4994-A860-CD005C350441}.Debug|Win32.ActiveCfg = Debug|Win32
		{ACB7C578-D1C5-4994-A860-CD005C350441}.Debug|Win32.Build.0 = Debug|Win32
		{ACB7C578-D1C5-4994-A860-CD005C350441}.Debug|x64.ActiveCfg = Debug|x64
		{ACB7C578-D1C5-4994-A860-CD005C350441}.Debug|x64.Build.0 = Debug|x64
		{ACB7C578-D1C5-4994-A860-CD005C350441}.Profile|Win32.ActiveCfg = Release|x64
		{ACB7C578-D1C5-4994-A860-CD005C350441}.Profile|x64.ActiveCfg = Release|x64
		{ACB7C578-D1C5-4994-A860-CD005C350441}.Profile|x64.Build.0 = Release|x64
		{ACB7C578-D1C5-4994-A860-CD005C350441}.Release|Win32.ActiveCfg = Release|Win32
		{ACB7C578-D1C5-4994-A860-CD005C350441}.Release|Win32.Build.0 = Release|Win32
		{ACB7C578-D1C5-4994-A860-CD005C350441}.Release|x64.ActiveCfg = Release|x64
		{ACB7C578-D1C5-4994-A860-CD005C350441}.Release|x64.Build.0 = Release|x64
		{669A57FC-7096-4322-86AC-67F86DF45FC9}.Debug|Win32.ActiveCfg = Debug|Win32
		{669A57FC-7096-4322-86AC-67F86DF45FC9}.Debug|Win32.Build.0 = Debug|Win32
		{669A57FC-7096-4322-86AC-67F86DF45FC9}.Debug|x64.ActiveCfg = Debug|x64
		{669A57FC-7096-4322-86AC-67F86DF45FC9}.Debug|x64.Build.0 = Debug|x64
		{669A57FC-7096-4322-86AC-67F86DF45FC9}.Profile|Win32.ActiveCfg = Release|x64
		{669A57FC-7096-4322-86AC-67F86DF45FC9}.Profile|x64.ActiveCfg = Release|x64
		{669A57FC-7096-4322-86AC-67F86DF45FC9}.Profile|x64.Build.0 = Release|x64
		{669A57FC-7096-4322-86AC-67F86DF45FC9}.Release|Win32.ActiveCfg = Release|Win32
		{669A57FC-7096-4322-86AC-67F86DF45FC9}.Release|Win32.Build.0 = Release|Win32
		{669A57FC-7096-4322-86AC-67F86DF45FC9}.Release|x64.ActiveCfg = Release|x64
		{669A57FC-7096-4322-86AC-67F86DF45FC9}.Release|x64.Build.0 = Release|x64
		{28C23B17-9B9B-4A11-82EB-53334DC20AAD}.Debug|Win32.ActiveCfg = Debug|Win32
		{28C23B17-9B9B-4A11-82EB-53334DC20AAD}.Debug|Win32.Build.0 = Debug|Win32
		{28C23B17-9B9B-4A11-82EB-53334DC20AAD}.Debug|x64.ActiveCfg = Debug|x64
		{28C23B17-9B9B-4A11-82EB-53334DC20AAD}.Debug|x64.Build.0 = Debug|x64
		{28C23B17-9B9B-4A11-82EB-53334DC20AAD}.Profile|Win32.ActiveCfg = Release|x64
		{28C23B17-9B9B-4A11-82EB-53334DC20AAD}.Profile|x64.ActiveCfg = Release|x64
		{28C23B17-9B9B-4A11-82EB-53334DC20AAD}.Profile|x64.Build.0 = Release|x64
		{28C23B17-9B9B-4A11-82EB-53334DC20AAD}.Release|Win32.ActiveCfg = Release|Win32
		{28C23B17-9B9B-4A11-82EB-53334DC20AAD}.Release|Win32.Build.0 = Release|Win32
		{28C23B17-9B9B-4A11-82EB-53334DC20AAD}.Release|x64.ActiveCfg = Release|x64
		{28C23B17-9B9B-4A11-82EB-53334DC20AAD}.Release|x64.Build.0 = Release|x64
		{8D8EFB2D-8A71-470F-B2C8-8C99E6C3A11C}.Debug|Win32.ActiveCfg = Debug|Win32
		{8D8EFB2D-8A71-470F-B2C8-8C99E6C3A11C}.Debug|Win32.Build.0 = Debug|Win32
		{8D8EFB2D-8A71-470F-B2C8-8C99E6C3A11C}.Debug|x64.ActiveCfg = Debug|x64
		{8D8EFB2D-8A71-470F-B2C8-8C99E6C3A11C}.Debug|x64.Build.0 = Debug|x64
		{8D8EFB2D-8A71-470F-B2C8-8C99E6C3A11C}.Profile|Win32.ActiveCfg = Release|x64
		{8D8EFB2D-8A71-470F-B2C8-8C99E6C3A11C}.Profile|x64.ActiveCfg = Release|x64
		{8D8EFB2D-8A71-470F-B2C8-8C99E6C3A11C}.Profile|x64.Build.0 = Release|x64
		{8D8EFB2D-8A71-470F-B2C8-8C99E6C3A11C}.Release|Win32.ActiveCfg = Release|Win32
		{8D8EFB2D-8A71-470F-B2C8-8C99E6C3A11C}.Release|Win32.Build.0 = Release|Win32
		{8D8EFB2D-8A71-470F-B2C8-8C99E6C3A11C}.Release|x64.ActiveCfg = Release|x64
		{8D8EFB2D-8A71-470F-B2C8-8C99E6C3A11C}.Release|x64.Build.0 = Release|x64
		{8EA08608-DE1D-4B10-87F3-EF1920401AFB}.Debug|Win32.ActiveCfg = Debug|Win32
		{8EA08608-DE1D-4B10-87F3-EF1920401AFB}.Debug|Win32.Build.0 = Debug|Win32
		{8EA08608-DE1D-4B10-87F3-EF1920401AFB}.Debug|x64.ActiveCfg = Debug|x64
		{8EA08608-DE1D-4B10-87F3-EF1920401AFB}.Debug|x64.Build.0 = Debug|x64
		{8EA08608-DE1D-4B10-87F3-EF1920401AFB}.Profile|Win32.ActiveCfg = Release|x64
		{8EA08608-DE1D-4B10-87F3-EF1920401AFB}.Profile|x64.ActiveCfg = Release|x64
		{8EA08608-DE1D-4B10-87F3-EF1920401AFB}.Profile|x64.Build.0 = Release|x64
		{8EA08608-DE1D-4B10-87F3-EF1920401AFB}.Release|Win32.ActiveCfg = Release|Win32
		{8EA08608-DE1D-4B10-87F3-EF1920401AFB}.Release|Win32.Build.0 = Release|Win32
		{8EA08608-DE1D-4B10-87F3-EF1920401AFB}.Release|x64.ActiveCfg = Release|x64
		{8EA08608-DE1D-4B10-87F3-EF1920401AFB}.Release|x64.Build.0 = Release|x64
		{36CF7AFA-B50F-4F01-8708-C88C80E19991}.Debug|Win32.ActiveCfg = Debug|Win32
		{36CF7AFA-B50F-4F01-8708-C88C80E19991}.Debug|Win32.Build.0 = Debug|Win32
		{36CF7AFA-B50F-4F01-8708-C88C80E19991}.Debug|x64.ActiveCfg = Debug|x64
		{36CF7AFA-B50F-4F01-8708-C88C80E19991}.Debug|x64.Build.0 = Debug|x64
		{36CF7AFA-B50F-4F01-8708-C88C80E19991}.Profile|Win32.ActiveCfg = Release|x64
		{36CF7AFA-B50F-4F01-8708-C88C80E19991}.Profile|x64.ActiveCfg = Release|x64
		{36CF7AFA-B50F-4F01-8708-C88C80E19991}.Profile|x64.Build.0 = Release|x64
		{36CF7AFA-B50F-4F01-8708-C88C80E19991}.Release|Win32.ActiveCfg = Release|Win32
		{36CF7AFA-B50F-4F01-8708-C88C80E19991}.Release|Win32.Build.0 = Release|Win32
		{36CF7AFA-B50F-4F01-8708-C88C80E19991}.Release|x64.ActiveCfg = Release|x64
		{36CF7AFA-B50F-4F01-8708-C88C80E19991}.Release|x64.Build.0 = Release|x64
		{87AFC164-CB0C-4E91-A94D-D467D789ACA2}.Debug|Win32.ActiveCfg = Debug|Win32
		{87AFC164-CB0C-4E91-A94D-D467D789ACA2}.Debug|Win32.Build.0 = Debug|Win32
		{87AFC164-CB0C-4E91-A94D-D467D789ACA2}.Debug|x64.ActiveCfg = Debug|x64
		{87AFC164-CB0C-4E91-A94D-D467D789ACA2}.Debug|x64.Build.0 = Debug|x64
		{87AFC164-CB0C-4E91-A94D-D467D789ACA2}.Profile|Win32.ActiveCfg = Release|x64
		{87AFC164-CB0C-4E91-A94D-D467D789ACA2}.Profile|x64.ActiveCfg = Release|x64
		{87AFC164-CB0C-4E91-A94D-D467D789ACA2}.Profile|x64.Build.0 = Release|x64
		{87AFC164-CB0C-4E91-A94D-D467D789ACA2}.Release|Win32.ActiveCfg = Release|Win32
		{87AFC164-CB0C-4E91-A94D-D467D789ACA2}.Release|Win32.Build.0 = Release|Win32
		{87AFC164-CB0C-4E91-A94D-D467D789ACA2}.Release|x64.ActiveCfg = Release|x64
		{87AFC164-CB0C-4E91-A94D-D467D789ACA2}.Release|x64.Build.0 = Release|x64
		{38C74D07-19D6-4CA4-9E34-D95FD3E92583}.Debug|Win32.ActiveCfg = Debug|Win32
		{38C74D07-19D6-4CA4-9E34-D95FD3E92583}.Debug|Win32.Build.0 = Debug|Win32
		{38C74D07-19D6-4CA4-9E34-D95FD3E92583}.Debug|x64.ActiveCfg = Debug|x64
		{38C74D07-19D6-4CA4-9E34-D95FD3E92583}.Debug|x64.Build.0 = Debug|x64
		{38C74D07-19D6-4CA4-9E34-D95FD3E92583}.Profile|Win32.ActiveCfg = Release|x64
		{38C74D07-19D6-4CA4-9E34-D95FD3E92583}.Profile|x64.ActiveCfg = Release|x64
		{38C74D07-19D6-4CA4-9E34-D95FD3E92583}.Profile|x64.Build.0 = Release|x64
		{38C74D07-19D6-4CA4-9E34-D95FD3E92583}.Release|Win32.ActiveCfg = Release|Win32
		{38C74D07-19D6-4CA4-9E34-D95FD3E92583}.Release|Win32.Build.0 = Release|Win32
		{38C74D07-19D6-4CA4-9E34-D95FD3E92583}.Release|x64.ActiveCfg = Release|x64
		{38C74D07-19D6-4CA4-9E34-D95FD3E92583}.Release|x64.Build.0 = Release|x64
		{953F5404-B0BB-471C-BC6E-92CB0A93DA24}.Debug|Win32.ActiveCfg = Debug|Win32
		{953F5404-B0BB-471C-BC6E-92CB0A93DA24}.Debug|Win32.Build.0 = Debug|Win32
		{953F5404-B0BB-471C-BC6E-92CB0A93DA24}.Debug|x64.ActiveCfg = Debug|Win32
		{953F5404-B0BB-471C-BC6E-92CB0A93DA24}.Profile|Win32.ActiveCfg = Release|Win32
		{953F5404-B0BB-471C-BC6E-92CB0A93DA24}.Profile|Win32.Build.0 = Release|Win32
		{953F5404-B0BB-471C-BC6E-92CB0A93DA24}.Profile|x64.ActiveCfg = Release|Win32
		{953F5404-B0BB-471C-BC6E-92CB0A93DA24}.Release|Win32.ActiveCfg = Release|Win32
		{953F5404-B0BB-471C-BC6E-92CB0A93DA24}.Release|Win32.Build.0 = Release|Win32
		{953F5404-B0BB-471C-BC6E-92CB0A93DA24}.Release|x64.ActiveCfg = Release|Win32
		{5ED60B38-725E-46CC-A45D-A5EB43E272C0}.Debug|Win32.ActiveCfg = Debug|Win32
		{5ED60B38-725E-46CC-A45D-A5EB43E272C0}.Debug|Win32.Build.0 = Debug|Win32
		{5ED60B38-725E-46CC-A45D-A5EB43E272C0}.Debug|x64.ActiveCfg = Debug|x64
		{5ED60B38-725E-46CC-A45D-A5EB43E272C0}.Debug|x64.Build.0 = Debug|x64
		{5ED60B38-725E-46CC-A45D-A5EB43E272C0}.Profile|Win32.ActiveCfg = Release|x64
		{5ED60B38-725E-46CC-A45D-A5EB43E272C0}.Profile|x64.ActiveCfg = Release|x64
		{5ED60B38-725E-46CC-A45D-A5EB43E272C0}.Profile|x64.Build.0 = Release|x64
		{5ED60B38-725E-46CC-A45D-A5EB43E272C0}.Release|Win32.ActiveCfg = Release|Win32
		{5ED60B38-725E-46CC-A45D-A5EB43E272C0}.Release|Win32.Build.0 = Release|Win32
		{5ED60B38-725E-46CC-A45D-A5EB43E272C0}.Release|x64.ActiveCfg = Release|x64
		{5ED60B38-725E-46CC-A45D-A5EB43E272C0}.Release|x64.Build.0 = Release|x64
		{A81045C6-8D5B-4645-8BD6-57174AD5DBEC}.Debug|Win32.ActiveCfg = Debug|Win32
		{A81045C6-8D5B-4645-8BD6-57174AD5DBEC}.Debug|Win32.Build.0 = Debug|Win32
		{A81045C6-8D5B-4645-8BD6-57174AD5DBEC}.Debug|x64.ActiveCfg = Debug|x64
		{A81045C6-8D5B-4645-8BD6-57174AD5DBEC}.Debug|x64.Build.0 = Debug|x64
		{A81045C6-8D5B-4645-8BD6-57174AD5DBEC}.Profile|Win32.ActiveCfg = Release|x64
		{A81045C6-8D5B-4645-8BD6-57174AD5DBEC}.Profile|x64.ActiveCfg = Release|x64
		{A81045C6-8D5B-4645-8BD6-57174AD5DBEC}.Profile|x64.Build.0 = Release|x64
		{A81045C6-8D5B-4645-8BD6-57174AD5DBEC}.Release|Win32.ActiveCfg = Release|Win32
		{A81045C6-8D5B-4645-8BD6-57174AD5DBEC}.Release|Win32.Build.0 = Release|Win32
		{A81045C6-8D5B-4645-8BD6-57174AD5DBEC}.Release|x64.ActiveCfg = Release|x64
		{A81045C6-8D5B-4645-8BD6-57174AD5DBEC}.Release|x64.Build.0 = Release|x64
		{DF460EAB-570D-4B50-9089-2E2FC801BF38}.Debug|Win32.ActiveCfg = Debug|Win32
		{DF460EAB-570D-4B50-9089-2E2FC801BF38}.Debug|Win32.Build.0 = Debug|Win32
		{DF460EAB-570D-4B50-9089-2E2FC801BF38}.Debug|x64.ActiveCfg = Debug|x64
		{DF460EAB-570D-4B50-9089-2E2FC801BF38}.Debug|x64.Build.0 = Debug|x64
		{DF460EAB-570D-4B50-9089-2E2FC801BF38}.Profile|Win32.ActiveCfg = Profile|Win32
		{DF460EAB-570D-4B50-9089-2E2FC801BF38}.Profile|Win32.Build.0 = Profile|Win32
		{DF460EAB-570D-4B50-9089-2E2FC801BF38}.Profile|x64.ActiveCfg = Profile|x64
		{DF460EAB-570D-4B50-9089-2E2FC801BF38}.Profile|x64.Build.0 = Profile|x64
		{DF460EAB-570D-4B50-9089-2E2FC801BF38}.Release|Win32.ActiveCfg = Release|Win32
		{DF460EAB-570D-4B50-9089-2E2FC801BF38}.Release|Win32.Build.0 = Release|Win32
		{DF460EAB-570D-4B50-9089-2E2FC801BF38}.Release|x64.ActiveCfg = Release|x64
		{DF460EAB-570D-4B50-9089-2E2FC801BF38}.Release|x64.Build.0 = Release|x64
		{513E1F3C-4457-4BF9-A871-5356EEB6327C}.Debug|Win32.ActiveCfg = Debug|Win32
		{513E1F3C-4457-4BF9-A871-5356EEB6327C}.Debug|Win32.Build.0 = Debug|Win32
		{513E1F3C-4457-4BF9-A871-5356EEB6327C}.Debug|x64.ActiveCfg = Debug|x64
		{513E1F3C-4457-4BF9-A871-5356EEB6327C}.Debug|x64.Build.0 = Debug|x64
		{513E1F3C-4457-4BF9-A871-5356EEB6327C}.Profile|Win32.ActiveCfg = Release|x64
		{513E1F3C-4457-4BF9-A871-5356EEB6327C}.Profile|x64.ActiveCfg = Release|x64
		{513E1F3C-4457-4BF9-A871-5356EEB6327C}.Profile|x64.Build.0 = Release|x64
		{513E1F3C-4457-4BF9-A871-5356EEB6327C}.Release|Win32.ActiveCfg = Release|Win32
		{513E1F3C-4457-4BF9-A871-5356EEB6327C}.Release|Win32.Build.0 = Release|Win32
		{513E1F3C-4457-4BF9-A871-5356EEB6327C}.Release|x64.ActiveCfg = Release|x64
		{513E1F3C-4457-4BF9-A871-5356EEB6327C}.Release|x64.Build.0 = Release|x64
	EndGlobalSection
	GlobalSection(SolutionProperties) = preSolution
		HideSolutionNode = FALSE
	EndGlobalSection
	GlobalSection(NestedProjects) = preSolution
		{669A57FC-7096-4322-86AC-67F86DF45FC9} = {BB72669C-FC02-4D32-B340-484FABDFC2A8}
		{28C23B17-9B9B-4A11-82EB-53334DC20AAD} = {BB72669C-FC02-4D32-B340-484FABDFC2A8}
		{8D8EFB2D-8A71-470F-B2C8-8C99E6C3A11C} = {BB72669C-FC02-4D32-B340-484FABDFC2A8}
		{8EA08608-DE1D-4B10-87F3-EF1920401AFB} = {BB72669C-FC02-4D32-B340-484FABDFC2A8}
		{36CF7AFA-B50F-4F01-8708-C88C80E19991} = {BB72669C-FC02-4D32-B340-484FABDFC2A8}
		{953F5404-B0BB-471C-BC6E-92CB0A93DA24} = {BB72669C-FC02-4D32-B340-484FABDFC2A8}
		{ACB7C578-D1C5-4994-A860-CD005C350441} = {BB72669C-FC02-4D32-B340-484FABDFC2A8}
		{513E1F3C-4457-4BF9-A871-5356EEB6327C} = {BB72669C-FC02-4D32-B340-484FABDFC2A8}
		{38C74D07-19D6-4CA4-9E34-D95FD3E92583} = {E0460F0E-76FA-414B-B0AB-56A56252040D}
		{87AFC164-CB0C-4E91-A94D-D467D789ACA2} = {E0460F0E-76FA-414B-B0AB-56A56252040D}
		{A81045C6-8D5B-4645-8BD6-57174AD5DBEC} = {B2C3A108-E793-4F19-96BB-07FA1E257F33}
		{5ED60B38-725E-46CC-A45D-A5EB43E272C0} = {B2C3A108-E793-4F19-96BB-07FA1E257F33}
		{DF460EAB-570D-4B50-9089-2E2FC801BF38} = {16E36F67-8DE3-44FF-8AD4-0E97DF6C099B}
	EndGlobalSection
EndGlobal
