<?xml version="1.0" encoding="utf-8"?>
<Project ToolsVersion="4.0" xmlns="http://schemas.microsoft.com/developer/msbuild/2003">
  <ItemGroup>
    <Filter Include="Source Files">
      <UniqueIdentifier>{4FC737F1-C7A5-4376-A066-2A32D752A2FF}</UniqueIdentifier>
      <Extensions>cpp;c;cc;cxx;def;odl;idl;hpj;bat;asm;asmx</Extensions>
    </Filter>
    <Filter Include="Resource Files">
      <UniqueIdentifier>{67DA6AB6-F800-4c08-8B7A-83BB121AAD01}</UniqueIdentifier>
      <Extensions>rc;ico;cur;bmp;dlg;rc2;rct;bin;rgs;gif;jpg;jpeg;jpe;resx;tiff;tif;png;wav;mfcribbon-ms</Extensions>
    </Filter>
    <Filter Include="Source Files\Serialization">
      <UniqueIdentifier>{4c64a9e2-969d-4262-b1d0-d6f4378c8e67}</UniqueIdentifier>
    </Filter>
    <Filter Include="Source Files\PX3">
      <UniqueIdentifier>{27b74e1a-142b-48c6-bc81-31bee469b8ba}</UniqueIdentifier>
    </Filter>
    <Filter Include="Source Files\Controllers">
      <UniqueIdentifier>{e60226b3-50f0-45b6-8188-160ad7fee2c0}</UniqueIdentifier>
    </Filter>
  </ItemGroup>
  <ItemGroup>
    <None Include="ReadMe.txt" />
  </ItemGroup>
  <ItemGroup>
    <ClInclude Include="header\bePhysics\beCharacter.h">
      <Filter>Source Files</Filter>
    </ClInclude>
    <ClInclude Include="header\bePhysics\beCharacterScene.h">
      <Filter>Source Files</Filter>
    </ClInclude>
    <ClInclude Include="header\bePhysics\beDevice.h">
      <Filter>Source Files</Filter>
    </ClInclude>
    <ClInclude Include="header\bePhysics\beMaterial.h">
      <Filter>Source Files</Filter>
    </ClInclude>
    <ClInclude Include="header\bePhysics\beMaterialCache.h">
      <Filter>Source Files</Filter>
    </ClInclude>
    <ClInclude Include="header\bePhysics\beMaterialSerialization.h">
      <Filter>Source Files</Filter>
    </ClInclude>
    <ClInclude Include="header\bePhysics\bePhysics.h">
      <Filter>Source Files</Filter>
    </ClInclude>
    <ClInclude Include="header\bePhysics\beResourceManager.h">
      <Filter>Source Files</Filter>
    </ClInclude>
    <ClInclude Include="header\bePhysics\beRigidActors.h">
      <Filter>Source Files</Filter>
    </ClInclude>
    <ClInclude Include="header\bePhysics\beScene.h">
      <Filter>Source Files</Filter>
    </ClInclude>
    <ClInclude Include="header\bePhysics\beShapeCache.h">
      <Filter>Source Files</Filter>
    </ClInclude>
    <ClInclude Include="header\bePhysics\beShapes.h">
      <Filter>Source Files</Filter>
    </ClInclude>
    <ClInclude Include="header\bePhysicsInternal\stdafx.h">
      <Filter>Source Files</Filter>
    </ClInclude>
    <ClInclude Include="header\bePhysicsInternal\targetver.h">
      <Filter>Source Files</Filter>
    </ClInclude>
    <ClInclude Include="header\bePhysics\PX3\beAPI.h">
      <Filter>Source Files\PX3</Filter>
    </ClInclude>
    <ClInclude Include="header\bePhysics\PX3\beCharacter.h">
      <Filter>Source Files\PX3</Filter>
    </ClInclude>
    <ClInclude Include="header\bePhysics\PX3\beCharactersAPI.h">
      <Filter>Source Files\PX3</Filter>
    </ClInclude>
    <ClInclude Include="header\bePhysics\PX3\beCharacterScene.h">
      <Filter>Source Files\PX3</Filter>
    </ClInclude>
    <ClInclude Include="header\bePhysics\PX3\beDevice.h">
      <Filter>Source Files\PX3</Filter>
    </ClInclude>
    <ClInclude Include="header\bePhysics\PX3\beJoints.h">
      <Filter>Source Files\PX3</Filter>
    </ClInclude>
    <ClInclude Include="header\bePhysics\PX3\beMaterial.h">
      <Filter>Source Files\PX3</Filter>
    </ClInclude>
    <ClInclude Include="header\bePhysics\PX3\beMath.h">
      <Filter>Source Files\PX3</Filter>
    </ClInclude>
    <ClInclude Include="header\bePhysics\PX3\bePhysics.h">
      <Filter>Source Files\PX3</Filter>
    </ClInclude>
    <ClInclude Include="header\bePhysics\PX3\beRigidActors.h">
      <Filter>Source Files\PX3</Filter>
    </ClInclude>
    <ClInclude Include="header\bePhysics\PX3\beScene.h">
      <Filter>Source Files\PX3</Filter>
    </ClInclude>
    <ClInclude Include="header\bePhysics\PX3\beShapes.h">
      <Filter>Source Files\PX3</Filter>
    </ClInclude>
    <ClInclude Include="header\bePhysics\beInlineMaterialSerialization.h">
      <Filter>Source Files\Serialization</Filter>
    </ClInclude>
    <ClInclude Include="header\bePhysics\beRigidControllerSerializer.h">
      <Filter>Source Files\Serialization</Filter>
    </ClInclude>
    <ClInclude Include="header\bePhysics\beSerializationParameters.h">
      <Filter>Source Files\Serialization</Filter>
    </ClInclude>
    <ClInclude Include="header\bePhysics\beAssembledShape.h">
      <Filter>Source Files</Filter>
    </ClInclude>
    <ClInclude Include="header\bePhysics\PX3\beAssembledShape.h">
      <Filter>Source Files\PX3</Filter>
    </ClInclude>
    <ClInclude Include="header\bePhysics\beRigidShape.h">
      <Filter>Source Files</Filter>
    </ClInclude>
    <ClInclude Include="header\bePhysics\PX3\beRigidShape.h">
      <Filter>Source Files\PX3</Filter>
    </ClInclude>
    <ClInclude Include="header\bePhysics\beRigidShapeCache.h">
      <Filter>Source Files</Filter>
    </ClInclude>
    <ClInclude Include="header\bePhysics\beRigidDynamicControllers.h">
      <Filter>Source Files\Controllers</Filter>
    </ClInclude>
    <ClInclude Include="header\bePhysics\beRigidStaticControllers.h">
      <Filter>Source Files\Controllers</Filter>
    </ClInclude>
    <ClInclude Include="header\bePhysics\beCharacterController.h">
      <Filter>Source Files\Controllers</Filter>
    </ClInclude>
    <ClInclude Include="header\bePhysics\beCharacterSceneController.h">
      <Filter>Source Files\Controllers</Filter>
    </ClInclude>
    <ClInclude Include="header\bePhysics\beSceneController.h">
      <Filter>Source Files\Controllers</Filter>
    </ClInclude>
    <ClInclude Include="header\bePhysics\beInlineShapeSerialization.h">
      <Filter>Source Files\Serialization</Filter>
    </ClInclude>
    <ClInclude Include="header\bePhysics\beShapeSerialization.h">
      <Filter>Source Files\Serialization</Filter>
    </ClInclude>
  </ItemGroup>
  <ItemGroup>
    <ClCompile Include="source\dllmain.cpp">
      <Filter>Source Files</Filter>
    </ClCompile>
    <ClCompile Include="source\stdafx.cpp">
      <Filter>Source Files</Filter>
    </ClCompile>
    <ClCompile Include="source\bePhysics.cpp">
      <Filter>Source Files</Filter>
    </ClCompile>
    <ClCompile Include="source\PX3\beDevice.cpp">
      <Filter>Source Files\PX3</Filter>
    </ClCompile>
    <ClCompile Include="source\PX3\beScene.cpp">
      <Filter>Source Files\PX3</Filter>
    </ClCompile>
    <ClCompile Include="source\PX3\beRigidActors.cpp">
      <Filter>Source Files\PX3</Filter>
    </ClCompile>
    <ClCompile Include="source\PX3\beMaterial.cpp">
      <Filter>Source Files\PX3</Filter>
    </ClCompile>
    <ClCompile Include="source\PX3\beShapes.cpp">
      <Filter>Source Files\PX3</Filter>
    </ClCompile>
    <ClCompile Include="source\PX3\beCharacter.cpp">
      <Filter>Source Files\PX3</Filter>
    </ClCompile>
    <ClCompile Include="source\PX3\beCharacterScene.cpp">
      <Filter>Source Files\PX3</Filter>
    </ClCompile>
    <ClCompile Include="source\beSerializationParameters.cpp">
      <Filter>Source Files\Serialization</Filter>
    </ClCompile>
    <ClCompile Include="source\PX3\beDefaultRigidActors.cpp">
      <Filter>Source Files\PX3</Filter>
    </ClCompile>
    <ClCompile Include="source\beResourceManager.cpp">
      <Filter>Source Files</Filter>
    </ClCompile>
    <ClCompile Include="source\beMaterialComponent.cpp">
      <Filter>Source Files</Filter>
    </ClCompile>
    <ClCompile Include="source\beShapeComponent.cpp">
      <Filter>Source Files</Filter>
    </ClCompile>
    <ClCompile Include="source\beInlineMaterialSerialization.cpp">
      <Filter>Source Files\Serialization</Filter>
    </ClCompile>
    <ClCompile Include="source\PX3\beJoints.cpp">
      <Filter>Source Files\PX3</Filter>
    </ClCompile>
    <ClCompile Include="source\PX3\beAssembledShape.cpp">
      <Filter>Source Files\PX3</Filter>
    </ClCompile>
    <ClCompile Include="source\PX3\beRigidShape.cpp">
      <Filter>Source Files\PX3</Filter>
    </ClCompile>
    <ClCompile Include="source\beShapes.cpp">
      <Filter>Source Files</Filter>
    </ClCompile>
    <ClCompile Include="source\beRigidShapeCache.cpp">
      <Filter>Source Files</Filter>
    </ClCompile>
    <ClCompile Include="source\beRigidDynamicControllers.cpp">
      <Filter>Source Files\Controllers</Filter>
    </ClCompile>
    <ClCompile Include="source\beRigidStaticControllers.cpp">
      <Filter>Source Files\Controllers</Filter>
    </ClCompile>
    <ClCompile Include="source\beCharacterController.cpp">
      <Filter>Source Files\Controllers</Filter>
    </ClCompile>
    <ClCompile Include="source\beCharacterSceneController.cpp">
      <Filter>Source Files\Controllers</Filter>
    </ClCompile>
    <ClCompile Include="source\beSceneController.cpp">
      <Filter>Source Files\Controllers</Filter>
    </ClCompile>
    <ClCompile Include="source\beMaterialCache.cpp">
      <Filter>Source Files</Filter>
    </ClCompile>
    <ClCompile Include="source\beShapeCache.cpp">
      <Filter>Source Files</Filter>
    </ClCompile>
    <ClCompile Include="source\beInlineShapeSerialization.cpp">
      <Filter>Source Files\Serialization</Filter>
    </ClCompile>
    <ClCompile Include="source\beInlineSerialization.cpp">
      <Filter>Source Files\Serialization</Filter>
    </ClCompile>
    <ClCompile Include="source\PX3\beShapeSerialization.cpp">
      <Filter>Source Files\Serialization</Filter>
    </ClCompile>
    <ClCompile Include="source\beRigidControllerSerializer.cpp">
      <Filter>Source Files\Serialization</Filter>
    </ClCompile>
  </ItemGroup>
</Project>