<?xml version="1.0" encoding="utf-8"?>
<Project ToolsVersion="4.0" xmlns="http://schemas.microsoft.com/developer/msbuild/2003">
  <ItemGroup>
    <Filter Include="2.0">
      <UniqueIdentifier>{4FC737F1-C7A5-4376-A066-2A32D752A2FF}</UniqueIdentifier>
      <Extensions>cpp;c;cc;cxx;def;odl;idl;hpj;bat;asm;asmx</Extensions>
    </Filter>
    <Filter Include="2.0\Processing">
      <UniqueIdentifier>{921745ec-86b7-47fe-a752-07ec0e7aebfa}</UniqueIdentifier>
    </Filter>
    <Filter Include="2.0\Lights">
      <UniqueIdentifier>{b230fe7f-00ed-40f4-a03e-9a2dd43de028}</UniqueIdentifier>
    </Filter>
    <Filter Include="2.0\Materials">
      <UniqueIdentifier>{f07401e8-91d5-471d-aeb3-178cf66dbda3}</UniqueIdentifier>
    </Filter>
    <Filter Include="2.0\Atmospherics">
      <UniqueIdentifier>{46030e21-04c7-49e7-9698-ba3bc09f6dbe}</UniqueIdentifier>
    </Filter>
    <Filter Include="2.0\Prototypes">
      <UniqueIdentifier>{fd9d7543-d617-4667-8b26-996c5ca7af79}</UniqueIdentifier>
    </Filter>
    <Filter Include="Header Files">
      <UniqueIdentifier>{93995380-89BD-4b04-88EB-625FBE52EBFB}</UniqueIdentifier>
      <Extensions>h;hpp;hxx;hm;inl;inc;xsd</Extensions>
    </Filter>
    <Filter Include="Header Files\Engine">
      <UniqueIdentifier>{b6031ad2-3572-4f47-b940-71df2d52ffa7}</UniqueIdentifier>
    </Filter>
    <Filter Include="Header Files\Pipelines">
      <UniqueIdentifier>{b8f53428-79d9-475b-a094-8c38cfa5628e}</UniqueIdentifier>
    </Filter>
    <Filter Include="Header Files\Pipelines\LPR">
      <UniqueIdentifier>{4a1cf189-88e5-4d74-8749-e4594619e677}</UniqueIdentifier>
    </Filter>
    <Filter Include="Header Files\Utility">
      <UniqueIdentifier>{c5cdf7cc-6012-40b3-bc28-6212a8244f2a}</UniqueIdentifier>
    </Filter>
  </ItemGroup>
  <ItemGroup>
    <None Include="..\Bin\Data\Effects\2.0\Engine\Pipeline.fx">
      <Filter>Header Files\Engine</Filter>
    </None>
    <None Include="..\Bin\Data\Effects\2.0\Engine\PointLight.fx">
      <Filter>Header Files\Engine</Filter>
    </None>
    <None Include="..\Bin\Data\Effects\2.0\Engine\Renderable.fx">
      <Filter>Header Files\Engine</Filter>
    </None>
    <None Include="..\Bin\Data\Effects\2.0\Engine\Shadow.fx">
      <Filter>Header Files\Engine</Filter>
    </None>
    <None Include="..\Bin\Data\Effects\2.0\Engine\SpotLight.fx">
      <Filter>Header Files\Engine</Filter>
    </None>
    <None Include="..\Bin\Data\Effects\2.0\Engine\DirectionalLight.fx">
      <Filter>Header Files\Engine</Filter>
    </None>
    <None Include="..\Bin\Data\Effects\2.0\Engine\Perspective.fx">
      <Filter>Header Files\Engine</Filter>
    </None>
    <None Include="..\Bin\Data\Effects\2.0\Engine\Pipe.fx">
      <Filter>Header Files\Engine</Filter>
    </None>
    <None Include="..\Bin\Data\Effects\2.0\Pipelines\LPR\Pipeline.fx">
      <Filter>Header Files\Pipelines\LPR</Filter>
    </None>
    <None Include="..\Bin\Data\Effects\2.0\Pipelines\LPR\Scene.fx">
      <Filter>Header Files\Pipelines\LPR</Filter>
    </None>
    <None Include="..\Bin\Data\Effects\2.0\Pipelines\Scene.fx">
      <Filter>Header Files\Pipelines</Filter>
    </None>
    <None Include="..\Bin\Data\Effects\2.0\Lights\SpotLight.fx">
      <Filter>2.0\Lights</Filter>
    </None>
    <None Include="..\Bin\Data\Effects\2.0\Lights\PointLight.fx">
      <Filter>2.0\Lights</Filter>
    </None>
    <None Include="..\Bin\Data\Effects\2.0\Processing\SimpleTonemap.fx">
      <Filter>2.0\Processing</Filter>
    </None>
    <None Include="..\Bin\Data\Effects\2.0\Materials\Simple.fx">
      <Filter>2.0\Materials</Filter>
    </None>
    <None Include="..\Bin\Data\Effects\2.0\Atmospherics\Sky.fx">
      <Filter>2.0\Atmospherics</Filter>
    </None>
    <None Include="..\Bin\Data\Effects\2.0\Atmospherics\SkyColor.fx">
      <Filter>2.0\Atmospherics</Filter>
    </None>
    <None Include="..\Bin\Data\Effects\2.0\Lights\DirectionalLight.fx">
      <Filter>2.0\Lights</Filter>
    </None>
    <None Include="..\Bin\Data\Effects\2.0\Pipelines\LPR\Geometry.fx">
      <Filter>Header Files\Pipelines\LPR</Filter>
    </None>
    <None Include="..\Bin\Data\Effects\2.0\Materials\Textured.fx">
      <Filter>2.0\Materials</Filter>
    </None>
    <None Include="..\Bin\Data\Effects\2.0\Materials\Grass.fx">
      <Filter>2.0\Materials</Filter>
    </None>
    <None Include="..\Bin\Data\Effects\2.0\Materials\StretchTextured.fx">
      <Filter>2.0\Materials</Filter>
    </None>
    <None Include="..\Bin\Data\Effects\2.0\Materials\Marker.fx">
      <Filter>2.0\Materials</Filter>
    </None>
    <None Include="..\Bin\Data\Effects\2.0\Processing\SSAO.fx">
      <Filter>2.0\Processing</Filter>
    </None>
    <None Include="..\Bin\Data\Effects\2.0\Processing\SSGI.fx">
      <Filter>2.0\Processing</Filter>
    </None>
    <None Include="..\Bin\Data\Effects\2.0\Processing\MRGeometry.fx">
      <Filter>2.0\Processing</Filter>
    </None>
    <None Include="..\Bin\Data\Effects\2.0\Processing\MRSSAO.fx">
      <Filter>2.0\Processing</Filter>
    </None>
    <None Include="..\Bin\Data\Effects\2.0\Processing\MRGB.fx">
      <Filter>2.0\Processing</Filter>
    </None>
    <None Include="..\Bin\Data\Effects\2.0\Utility\Math.fx">
      <Filter>Header Files\Utility</Filter>
    </None>
    <None Include="..\Bin\Data\Effects\2.0\Processing\BilateralAverage.fx">
      <Filter>2.0\Processing</Filter>
    </None>
    <None Include="..\Bin\Data\Effects\2.0\Processing\Scrambler.fx">
      <Filter>2.0\Processing</Filter>
    </None>
    <None Include="..\Bin\Data\Effects\2.0\Engine\BindPoints.fx">
      <Filter>Header Files\Engine</Filter>
    </None>
    <None Include="..\Bin\Data\Effects\2.0\Prototypes\Shadow.fx">
      <Filter>2.0\Prototypes</Filter>
    </None>
    <None Include="..\Bin\Data\Effects\2.0\Prototypes\Feedback.fx">
      <Filter>2.0\Prototypes</Filter>
    </None>
    <None Include="..\Bin\Data\Effects\2.0\Engine\Feedback.fx">
      <Filter>Header Files\Engine</Filter>
    </None>
    <None Include="..\Bin\Data\Effects\2.0\Materials\Widget.fx">
      <Filter>2.0\Materials</Filter>
    </None>
    <None Include="..\Bin\Data\Effects\2.0\Materials\BumpTextured.fx">
      <Filter>2.0\Materials</Filter>
    </None>
    <None Include="..\Bin\Data\Effects\2.0\Materials\SpecTextured.fx">
      <Filter>2.0\Materials</Filter>
    </None>
    <None Include="..\Bin\Data\Effects\2.0\Utility\Bits.fx">
      <Filter>Header Files\Utility</Filter>
    </None>
    <None Include="..\Bin\Data\Effects\2.0\Utility\Hilbert.fx">
      <Filter>Header Files\Utility</Filter>
    </None>
    <None Include="..\Bin\Data\Effects\2.0\Materials\Fur.fx">
      <Filter>2.0\Materials</Filter>
    </None>
  </ItemGroup>
</Project>