<?xml version="1.0" encoding="utf-8"?>
<Project ToolsVersion="4.0" xmlns="http://schemas.microsoft.com/developer/msbuild/2003">
  <ItemGroup>
    <Filter Include="Source Files">
      <UniqueIdentifier>{4FC737F1-C7A5-4376-A066-2A32D752A2FF}</UniqueIdentifier>
      <Extensions>cpp;cxx;c;def</Extensions>
    </Filter>
    <Filter Include="Form Files">
      <UniqueIdentifier>{99349809-55BA-4b9d-BF79-8FDBB0286EB3}</UniqueIdentifier>
      <Extensions>ui</Extensions>
    </Filter>
    <Filter Include="Resource Files">
      <UniqueIdentifier>{D9D6E242-F8AF-46E4-B9FD-80ECBC20BA3E}</UniqueIdentifier>
      <Extensions>qrc;*</Extensions>
      <ParseFiles>false</ParseFiles>
    </Filter>
    <Filter Include="Generated Files">
      <UniqueIdentifier>{71ED8ED8-ACB9-4CE9-BBE1-E00B30144E11}</UniqueIdentifier>
      <Extensions>moc;h;cpp</Extensions>
      <SourceControlFiles>False</SourceControlFiles>
    </Filter>
    <Filter Include="Generated Files\Debug">
      <UniqueIdentifier>{2b4273e6-bf6f-4749-81f8-e570e0adf36a}</UniqueIdentifier>
      <Extensions>cpp;moc</Extensions>
      <SourceControlFiles>False</SourceControlFiles>
    </Filter>
    <Filter Include="Generated Files\Release">
      <UniqueIdentifier>{2f7fee93-1e42-4aec-a52a-73730b7400b1}</UniqueIdentifier>
      <Extensions>cpp;moc</Extensions>
      <SourceControlFiles>False</SourceControlFiles>
    </Filter>
    <Filter Include="Source Files\Documents">
      <UniqueIdentifier>{6f54c220-63f5-4540-a159-bf8c2afddc2d}</UniqueIdentifier>
    </Filter>
    <Filter Include="Source Files\Windows">
      <UniqueIdentifier>{0e13a0f7-ac27-480a-b8e2-212385aa4f79}</UniqueIdentifier>
    </Filter>
    <Filter Include="Source Files\Views">
      <UniqueIdentifier>{a2bbef60-0eb7-4c57-b083-a4e66f37c1a8}</UniqueIdentifier>
    </Filter>
    <Filter Include="Source Files\Modes">
      <UniqueIdentifier>{dcba753b-7d9b-437a-a177-25e62085f8b2}</UniqueIdentifier>
    </Filter>
    <Filter Include="Source Files\Tiles">
      <UniqueIdentifier>{82613d4e-a45f-4cbb-a84e-0b5d92fc368a}</UniqueIdentifier>
    </Filter>
    <Filter Include="Source Files\Utility">
      <UniqueIdentifier>{187ddd8d-300a-47b7-b1e9-31cad954d8b4}</UniqueIdentifier>
    </Filter>
    <Filter Include="Source Files\Interaction">
      <UniqueIdentifier>{ae1b4f3e-9376-417e-854b-9d5c5bfa0d6a}</UniqueIdentifier>
    </Filter>
    <Filter Include="Source Files\Commands">
      <UniqueIdentifier>{7e898f4b-7931-4d27-8886-631901078507}</UniqueIdentifier>
    </Filter>
    <Filter Include="Source Files\Binders">
      <UniqueIdentifier>{313ab64e-6ed2-4212-afb9-4bf5345d8bce}</UniqueIdentifier>
    </Filter>
    <Filter Include="Source Files\Plugins">
      <UniqueIdentifier>{7429a9a1-9de9-4dec-8b94-be0f90d5477d}</UniqueIdentifier>
    </Filter>
    <Filter Include="Source Files\Widgets">
      <UniqueIdentifier>{8124e487-4475-4833-a0fb-9445c57ed179}</UniqueIdentifier>
    </Filter>
    <Filter Include="Source Files\Docking">
      <UniqueIdentifier>{148fd1f4-c573-4ca3-95eb-ed3cd1543683}</UniqueIdentifier>
    </Filter>
    <Filter Include="Source Files\Visualization">
      <UniqueIdentifier>{ab4698c5-6437-47dd-85d7-5e991649f408}</UniqueIdentifier>
    </Filter>
    <Filter Include="Source Files\Operations">
      <UniqueIdentifier>{32a6971e-b6ef-4949-8b99-c7ce42858acb}</UniqueIdentifier>
    </Filter>
  </ItemGroup>
  <ItemGroup>
    <ClCompile Include="GeneratedFiles\qrc_breezEd.cpp">
      <Filter>Generated Files</Filter>
    </ClCompile>
    <ClCompile Include="source\main.cpp">
      <Filter>Source Files</Filter>
    </ClCompile>
    <ClCompile Include="source\stdafx.cpp">
      <Filter>Source Files</Filter>
    </ClCompile>
    <ClCompile Include="source\Editor.cpp">
      <Filter>Source Files</Filter>
    </ClCompile>
    <ClCompile Include="GeneratedFiles\Debug\moc_MainWindow.cpp">
      <Filter>Generated Files\Debug</Filter>
    </ClCompile>
    <ClCompile Include="GeneratedFiles\Release\moc_MainWindow.cpp">
      <Filter>Generated Files\Release</Filter>
    </ClCompile>
    <ClCompile Include="source\Windows\MainWindow.cpp">
      <Filter>Source Files\Windows</Filter>
    </ClCompile>
    <ClCompile Include="GeneratedFiles\Debug\moc_AbstractDocument.cpp">
      <Filter>Generated Files\Debug</Filter>
    </ClCompile>
    <ClCompile Include="GeneratedFiles\Release\moc_AbstractDocument.cpp">
      <Filter>Generated Files\Release</Filter>
    </ClCompile>
    <ClCompile Include="GeneratedFiles\Debug\moc_AbstractDocumentFactory.cpp">
      <Filter>Generated Files\Debug</Filter>
    </ClCompile>
    <ClCompile Include="GeneratedFiles\Release\moc_AbstractDocumentFactory.cpp">
      <Filter>Generated Files\Release</Filter>
    </ClCompile>
    <ClCompile Include="source\Documents\AbstractDocument.cpp">
      <Filter>Source Files\Documents</Filter>
    </ClCompile>
    <ClCompile Include="source\Documents\DocumentManager.cpp">
      <Filter>Source Files\Documents</Filter>
    </ClCompile>
    <ClCompile Include="GeneratedFiles\Debug\moc_CodeView.cpp">
      <Filter>Generated Files\Debug</Filter>
    </ClCompile>
    <ClCompile Include="GeneratedFiles\Release\moc_CodeView.cpp">
      <Filter>Generated Files\Release</Filter>
    </ClCompile>
    <ClCompile Include="source\Views\CodeView.cpp">
      <Filter>Source Files\Views</Filter>
    </ClCompile>
    <ClCompile Include="source\Documents\CodeDocument.cpp">
      <Filter>Source Files\Documents</Filter>
    </ClCompile>
    <ClCompile Include="GeneratedFiles\Debug\moc_CodeDocument.cpp">
      <Filter>Generated Files\Debug</Filter>
    </ClCompile>
    <ClCompile Include="GeneratedFiles\Release\moc_CodeDocument.cpp">
      <Filter>Generated Files\Release</Filter>
    </ClCompile>
    <ClCompile Include="GeneratedFiles\Debug\moc_NewDocumentDialog.cpp">
      <Filter>Generated Files\Debug</Filter>
    </ClCompile>
    <ClCompile Include="GeneratedFiles\Release\moc_NewDocumentDialog.cpp">
      <Filter>Generated Files\Release</Filter>
    </ClCompile>
    <ClCompile Include="source\Windows\NewDocumentDialog.cpp">
      <Filter>Source Files\Windows</Filter>
    </ClCompile>
    <ClCompile Include="GeneratedFiles\Debug\moc_MdiDocumentWindow.cpp">
      <Filter>Generated Files\Debug</Filter>
    </ClCompile>
    <ClCompile Include="GeneratedFiles\Release\moc_MdiDocumentWindow.cpp">
      <Filter>Generated Files\Release</Filter>
    </ClCompile>
    <ClCompile Include="source\Windows\MdiDocumentWindow.cpp">
      <Filter>Source Files\Windows</Filter>
    </ClCompile>
    <ClCompile Include="GeneratedFiles\Debug\moc_DocumentModeState.cpp">
      <Filter>Generated Files\Debug</Filter>
    </ClCompile>
    <ClCompile Include="GeneratedFiles\Release\moc_DocumentModeState.cpp">
      <Filter>Generated Files\Release</Filter>
    </ClCompile>
    <ClCompile Include="GeneratedFiles\Debug\moc_ModeState.cpp">
      <Filter>Generated Files\Debug</Filter>
    </ClCompile>
    <ClCompile Include="GeneratedFiles\Release\moc_ModeState.cpp">
      <Filter>Generated Files\Release</Filter>
    </ClCompile>
    <ClCompile Include="GeneratedFiles\Debug\moc_AbstractModeState.cpp">
      <Filter>Generated Files\Debug</Filter>
    </ClCompile>
    <ClCompile Include="GeneratedFiles\Release\moc_AbstractModeState.cpp">
      <Filter>Generated Files\Release</Filter>
    </ClCompile>
    <ClCompile Include="GeneratedFiles\Debug\moc_Mode.cpp">
      <Filter>Generated Files\Debug</Filter>
    </ClCompile>
    <ClCompile Include="GeneratedFiles\Release\moc_Mode.cpp">
      <Filter>Generated Files\Release</Filter>
    </ClCompile>
    <ClCompile Include="source\Modes\ModeState.cpp">
      <Filter>Source Files\Modes</Filter>
    </ClCompile>
    <ClCompile Include="source\Modes\DocumentModeState.cpp">
      <Filter>Source Files\Modes</Filter>
    </ClCompile>
    <ClCompile Include="source\Modes\Mode.cpp">
      <Filter>Source Files\Modes</Filter>
    </ClCompile>
    <ClCompile Include="source\Modes\CodeModeState.cpp">
      <Filter>Source Files\Modes</Filter>
    </ClCompile>
    <ClCompile Include="GeneratedFiles\Debug\moc_CodeModeState.cpp">
      <Filter>Generated Files\Debug</Filter>
    </ClCompile>
    <ClCompile Include="GeneratedFiles\Release\moc_CodeModeState.cpp">
      <Filter>Generated Files\Release</Filter>
    </ClCompile>
    <ClCompile Include="GeneratedFiles\Debug\moc_CodeViewModeState.cpp">
      <Filter>Generated Files\Debug</Filter>
    </ClCompile>
    <ClCompile Include="GeneratedFiles\Release\moc_CodeViewModeState.cpp">
      <Filter>Generated Files\Release</Filter>
    </ClCompile>
    <ClCompile Include="source\Modes\CodeViewModeState.cpp">
      <Filter>Source Files\Modes</Filter>
    </ClCompile>
    <ClCompile Include="GeneratedFiles\Debug\moc_CodeAutoFormatter.cpp">
      <Filter>Generated Files\Debug</Filter>
    </ClCompile>
    <ClCompile Include="GeneratedFiles\Release\moc_CodeAutoFormatter.cpp">
      <Filter>Generated Files\Release</Filter>
    </ClCompile>
    <ClCompile Include="GeneratedFiles\Debug\moc_WindowsDialog.cpp">
      <Filter>Generated Files\Debug</Filter>
    </ClCompile>
    <ClCompile Include="GeneratedFiles\Release\moc_WindowsDialog.cpp">
      <Filter>Generated Files\Release</Filter>
    </ClCompile>
    <ClCompile Include="source\Windows\WindowsDialog.cpp">
      <Filter>Source Files\Windows</Filter>
    </ClCompile>
    <ClCompile Include="GeneratedFiles\Debug\moc_SceneDocument.cpp">
      <Filter>Generated Files\Debug</Filter>
    </ClCompile>
    <ClCompile Include="GeneratedFiles\Release\moc_SceneDocument.cpp">
      <Filter>Generated Files\Release</Filter>
    </ClCompile>
    <ClCompile Include="source\Documents\SceneDocument.cpp">
      <Filter>Source Files\Documents</Filter>
    </ClCompile>
    <ClCompile Include="GeneratedFiles\Debug\moc_SceneModeState.cpp">
      <Filter>Generated Files\Debug</Filter>
    </ClCompile>
    <ClCompile Include="GeneratedFiles\Release\moc_SceneModeState.cpp">
      <Filter>Generated Files\Release</Filter>
    </ClCompile>
    <ClCompile Include="source\Modes\SceneModeState.cpp">
      <Filter>Source Files\Modes</Filter>
    </ClCompile>
    <ClCompile Include="GeneratedFiles\Debug\moc_SceneView.cpp">
      <Filter>Generated Files\Debug</Filter>
    </ClCompile>
    <ClCompile Include="GeneratedFiles\Release\moc_SceneView.cpp">
      <Filter>Generated Files\Release</Filter>
    </ClCompile>
    <ClCompile Include="source\Views\SceneView.cpp">
      <Filter>Source Files\Views</Filter>
    </ClCompile>
    <ClCompile Include="source\Tiles\EntityBuilderWidget.cpp">
      <Filter>Source Files\Tiles</Filter>
    </ClCompile>
    <ClCompile Include="GeneratedFiles\Debug\moc_EntityBuilderWidget.cpp">
      <Filter>Generated Files\Debug</Filter>
    </ClCompile>
    <ClCompile Include="GeneratedFiles\Release\moc_EntityBuilderWidget.cpp">
      <Filter>Generated Files\Release</Filter>
    </ClCompile>
    <ClCompile Include="GeneratedFiles\Debug\moc_DragTreeWidget.cpp">
      <Filter>Generated Files\Debug</Filter>
    </ClCompile>
    <ClCompile Include="GeneratedFiles\Release\moc_DragTreeWidget.cpp">
      <Filter>Generated Files\Release</Filter>
    </ClCompile>
    <ClCompile Include="GeneratedFiles\Debug\moc_AssetBrowserWidget.cpp">
      <Filter>Generated Files\Debug</Filter>
    </ClCompile>
    <ClCompile Include="GeneratedFiles\Release\moc_AssetBrowserWidget.cpp">
      <Filter>Generated Files\Release</Filter>
    </ClCompile>
    <ClCompile Include="source\Tiles\AssetBrowserWidget.cpp">
      <Filter>Source Files\Tiles</Filter>
    </ClCompile>
    <ClCompile Include="GeneratedFiles\Debug\moc_ExclusiveActionGroup.cpp">
      <Filter>Generated Files\Debug</Filter>
    </ClCompile>
    <ClCompile Include="GeneratedFiles\Release\moc_ExclusiveActionGroup.cpp">
      <Filter>Generated Files\Release</Filter>
    </ClCompile>
    <ClCompile Include="GeneratedFiles\Debug\moc_EntityModeState.cpp">
      <Filter>Generated Files\Debug</Filter>
    </ClCompile>
    <ClCompile Include="GeneratedFiles\Release\moc_EntityModeState.cpp">
      <Filter>Generated Files\Release</Filter>
    </ClCompile>
    <ClCompile Include="GeneratedFiles\Debug\moc_ConsoleWidget.cpp">
      <Filter>Generated Files\Debug</Filter>
    </ClCompile>
    <ClCompile Include="GeneratedFiles\Release\moc_ConsoleWidget.cpp">
      <Filter>Generated Files\Release</Filter>
    </ClCompile>
    <ClCompile Include="source\Tiles\ConsoleWidget.cpp">
      <Filter>Source Files\Tiles</Filter>
    </ClCompile>
    <ClCompile Include="source\DeviceManager.cpp">
      <Filter>Source Files</Filter>
    </ClCompile>
    <ClCompile Include="GeneratedFiles\Debug\moc_ControllerBuilderWidget.cpp">
      <Filter>Generated Files\Debug</Filter>
    </ClCompile>
    <ClCompile Include="GeneratedFiles\Release\moc_ControllerBuilderWidget.cpp">
      <Filter>Generated Files\Release</Filter>
    </ClCompile>
    <ClCompile Include="source\Widgets\ControllerBuilderWidget.cpp">
      <Filter>Source Files\Widgets</Filter>
    </ClCompile>
    <ClCompile Include="GeneratedFiles\Debug\moc_BrowseWidget.cpp">
      <Filter>Generated Files\Debug</Filter>
    </ClCompile>
    <ClCompile Include="GeneratedFiles\Release\moc_BrowseWidget.cpp">
      <Filter>Generated Files\Release</Filter>
    </ClCompile>
    <ClCompile Include="source\Widgets\BrowseWidget.cpp">
      <Filter>Source Files\Widgets</Filter>
    </ClCompile>
    <ClCompile Include="GeneratedFiles\Debug\moc_MeshImportDialog.cpp">
      <Filter>Generated Files\Debug</Filter>
    </ClCompile>
    <ClCompile Include="GeneratedFiles\Release\moc_MeshImportDialog.cpp">
      <Filter>Generated Files\Release</Filter>
    </ClCompile>
    <ClCompile Include="source\Windows\MeshImportDialog.cpp">
      <Filter>Source Files\Windows</Filter>
    </ClCompile>
    <ClCompile Include="source\Utility\Files.cpp">
      <Filter>Source Files\Utility</Filter>
    </ClCompile>
    <ClCompile Include="GeneratedFiles\Debug\moc_GraphicsCanvas.cpp">
      <Filter>Generated Files\Debug</Filter>
    </ClCompile>
    <ClCompile Include="GeneratedFiles\Release\moc_GraphicsCanvas.cpp">
      <Filter>Generated Files\Release</Filter>
    </ClCompile>
    <ClCompile Include="source\Widgets\GraphicsCanvas.cpp">
      <Filter>Source Files\Widgets</Filter>
    </ClCompile>
    <ClCompile Include="GeneratedFiles\Debug\moc_FreeCamera.cpp">
      <Filter>Generated Files\Debug</Filter>
    </ClCompile>
    <ClCompile Include="GeneratedFiles\Release\moc_FreeCamera.cpp">
      <Filter>Generated Files\Release</Filter>
    </ClCompile>
    <ClCompile Include="source\Interaction\FreeCamera.cpp">
      <Filter>Source Files\Interaction</Filter>
    </ClCompile>
    <ClCompile Include="GeneratedFiles\Debug\moc_InputProvider.cpp">
      <Filter>Generated Files\Debug</Filter>
    </ClCompile>
    <ClCompile Include="GeneratedFiles\Release\moc_InputProvider.cpp">
      <Filter>Generated Files\Release</Filter>
    </ClCompile>
    <ClCompile Include="source\Utility\InputProvider.cpp">
      <Filter>Source Files\Utility</Filter>
    </ClCompile>
    <ClCompile Include="GeneratedFiles\Debug\moc_AbstractView.cpp">
      <Filter>Generated Files\Debug</Filter>
    </ClCompile>
    <ClCompile Include="GeneratedFiles\Release\moc_AbstractView.cpp">
      <Filter>Generated Files\Release</Filter>
    </ClCompile>
    <ClCompile Include="GeneratedFiles\Debug\moc_ParallelMode.cpp">
      <Filter>Generated Files\Debug</Filter>
    </ClCompile>
    <ClCompile Include="GeneratedFiles\Release\moc_ParallelMode.cpp">
      <Filter>Generated Files\Release</Filter>
    </ClCompile>
    <ClCompile Include="source\Modes\ParallelMode.cpp">
      <Filter>Source Files\Modes</Filter>
    </ClCompile>
    <ClCompile Include="source\Commands\CreateEntity.cpp">
      <Filter>Source Files\Commands</Filter>
    </ClCompile>
    <ClCompile Include="GeneratedFiles\Debug\moc_UndoHistoryWidget.cpp">
      <Filter>Generated Files\Debug</Filter>
    </ClCompile>
    <ClCompile Include="GeneratedFiles\Release\moc_UndoHistoryWidget.cpp">
      <Filter>Generated Files\Release</Filter>
    </ClCompile>
    <ClCompile Include="source\Tiles\UndoHistoryWidget.cpp">
      <Filter>Source Files\Tiles</Filter>
    </ClCompile>
    <ClCompile Include="GeneratedFiles\Debug\moc_EntityPropertyWidget.cpp">
      <Filter>Generated Files\Debug</Filter>
    </ClCompile>
    <ClCompile Include="GeneratedFiles\Release\moc_EntityPropertyWidget.cpp">
      <Filter>Generated Files\Release</Filter>
    </ClCompile>
    <ClCompile Include="source\Tiles\EntityPropertyWidget.cpp">
      <Filter>Source Files\Tiles</Filter>
    </ClCompile>
    <ClCompile Include="source\Binders\GenericPropertyBinder.cpp">
      <Filter>Source Files\Binders</Filter>
    </ClCompile>
    <ClCompile Include="source\Binders\EntityPropertyBinder.cpp">
      <Filter>Source Files\Binders</Filter>
    </ClCompile>
    <ClCompile Include="GeneratedFiles\Debug\moc_EntityPropertyBinder.cpp">
      <Filter>Generated Files\Debug</Filter>
    </ClCompile>
    <ClCompile Include="GeneratedFiles\Release\moc_EntityPropertyBinder.cpp">
      <Filter>Generated Files\Release</Filter>
    </ClCompile>
    <ClCompile Include="GeneratedFiles\Debug\moc_GenericPropertyBinder.cpp">
      <Filter>Generated Files\Debug</Filter>
    </ClCompile>
    <ClCompile Include="GeneratedFiles\Release\moc_GenericPropertyBinder.cpp">
      <Filter>Generated Files\Release</Filter>
    </ClCompile>
    <ClCompile Include="GeneratedFiles\Debug\moc_SelectInteraction.cpp">
      <Filter>Generated Files\Debug</Filter>
    </ClCompile>
    <ClCompile Include="GeneratedFiles\Release\moc_SelectInteraction.cpp">
      <Filter>Generated Files\Release</Filter>
    </ClCompile>
    <ClCompile Include="source\Interaction\SelectInteraction.cpp">
      <Filter>Source Files\Interaction</Filter>
    </ClCompile>
    <ClCompile Include="source\Interaction\TranslateInteraction.cpp">
      <Filter>Source Files\Interaction</Filter>
    </ClCompile>
    <ClCompile Include="GeneratedFiles\Debug\moc_TranslateInteraction.cpp">
      <Filter>Generated Files\Debug</Filter>
    </ClCompile>
    <ClCompile Include="GeneratedFiles\Release\moc_TranslateInteraction.cpp">
      <Filter>Generated Files\Release</Filter>
    </ClCompile>
    <ClCompile Include="source\Interaction\Queries.cpp">
      <Filter>Source Files\Interaction</Filter>
    </ClCompile>
    <ClCompile Include="GeneratedFiles\Debug\moc_ScaleInteraction.cpp">
      <Filter>Generated Files\Debug</Filter>
    </ClCompile>
    <ClCompile Include="GeneratedFiles\Release\moc_ScaleInteraction.cpp">
      <Filter>Generated Files\Release</Filter>
    </ClCompile>
    <ClCompile Include="source\Interaction\ScaleInteraction.cpp">
      <Filter>Source Files\Interaction</Filter>
    </ClCompile>
    <ClCompile Include="source\Interaction\RotateInteraction.cpp">
      <Filter>Source Files\Interaction</Filter>
    </ClCompile>
    <ClCompile Include="GeneratedFiles\Debug\moc_RotateInteraction.cpp">
      <Filter>Generated Files\Debug</Filter>
    </ClCompile>
    <ClCompile Include="GeneratedFiles\Release\moc_RotateInteraction.cpp">
      <Filter>Generated Files\Release</Filter>
    </ClCompile>
    <ClCompile Include="source\Commands\TranslateEntity.cpp">
      <Filter>Source Files\Commands</Filter>
    </ClCompile>
    <ClCompile Include="source\Commands\RotateEntity.cpp">
      <Filter>Source Files\Commands</Filter>
    </ClCompile>
    <ClCompile Include="source\Commands\ScaleEntity.cpp">
      <Filter>Source Files\Commands</Filter>
    </ClCompile>
    <ClCompile Include="source\Windows\ShapeImportDialog.cpp">
      <Filter>Source Files\Windows</Filter>
    </ClCompile>
    <ClCompile Include="GeneratedFiles\Debug\moc_ShapeImportDialog.cpp">
      <Filter>Generated Files\Debug</Filter>
    </ClCompile>
    <ClCompile Include="GeneratedFiles\Release\moc_ShapeImportDialog.cpp">
      <Filter>Generated Files\Release</Filter>
    </ClCompile>
    <ClCompile Include="GeneratedFiles\Debug\moc_TreeViewEx.cpp">
      <Filter>Generated Files\Debug</Filter>
    </ClCompile>
    <ClCompile Include="GeneratedFiles\Release\moc_TreeViewEx.cpp">
      <Filter>Generated Files\Release</Filter>
    </ClCompile>
    <ClCompile Include="GeneratedFiles\Debug\moc_ItemDelegateEx.cpp">
      <Filter>Generated Files\Debug</Filter>
    </ClCompile>
    <ClCompile Include="GeneratedFiles\Release\moc_ItemDelegateEx.cpp">
      <Filter>Generated Files\Release</Filter>
    </ClCompile>
    <ClCompile Include="source\Commands\ChangeProperty.cpp">
      <Filter>Source Files\Commands</Filter>
    </ClCompile>
    <ClCompile Include="source\Utility\Utility.cpp">
      <Filter>Source Files\Utility</Filter>
    </ClCompile>
    <ClCompile Include="source\Commands\SetComponent.cpp">
      <Filter>Source Files\Commands</Filter>
    </ClCompile>
    <ClCompile Include="source\Tiles\EntitySelectionWidget.cpp">
      <Filter>Source Files\Tiles</Filter>
    </ClCompile>
    <ClCompile Include="GeneratedFiles\Debug\moc_EntitySelectionWidget.cpp">
      <Filter>Generated Files\Debug</Filter>
    </ClCompile>
    <ClCompile Include="GeneratedFiles\Release\moc_EntitySelectionWidget.cpp">
      <Filter>Generated Files\Release</Filter>
    </ClCompile>
    <ClCompile Include="GeneratedFiles\Debug\moc_FileTreeBinder.cpp">
      <Filter>Generated Files\Debug</Filter>
    </ClCompile>
    <ClCompile Include="GeneratedFiles\Release\moc_FileTreeBinder.cpp">
      <Filter>Generated Files\Release</Filter>
    </ClCompile>
    <ClCompile Include="source\Binders\FileTreeBinder.cpp">
      <Filter>Source Files\Binders</Filter>
    </ClCompile>
    <ClCompile Include="source\Widgets\ColorPicker.cpp">
      <Filter>Source Files\Widgets</Filter>
    </ClCompile>
    <ClCompile Include="GeneratedFiles\Debug\moc_ColorPicker.cpp">
      <Filter>Generated Files\Debug</Filter>
    </ClCompile>
    <ClCompile Include="GeneratedFiles\Release\moc_ColorPicker.cpp">
      <Filter>Generated Files\Release</Filter>
    </ClCompile>
    <ClCompile Include="GeneratedFiles\Debug\moc_CanvasFrame.cpp">
      <Filter>Generated Files\Debug</Filter>
    </ClCompile>
    <ClCompile Include="GeneratedFiles\Release\moc_CanvasFrame.cpp">
      <Filter>Generated Files\Release</Filter>
    </ClCompile>
    <ClCompile Include="GeneratedFiles\Debug\moc_SlotObject.cpp">
      <Filter>Generated Files\Debug</Filter>
    </ClCompile>
    <ClCompile Include="GeneratedFiles\Release\moc_SlotObject.cpp">
      <Filter>Generated Files\Release</Filter>
    </ClCompile>
    <ClCompile Include="GeneratedFiles\Debug\moc_GenericComponentPicker.cpp">
      <Filter>Generated Files\Debug</Filter>
    </ClCompile>
    <ClCompile Include="GeneratedFiles\Release\moc_GenericComponentPicker.cpp">
      <Filter>Generated Files\Release</Filter>
    </ClCompile>
    <ClCompile Include="source\Widgets\GenericComponentPicker.cpp">
      <Filter>Source Files\Widgets</Filter>
    </ClCompile>
    <ClCompile Include="GeneratedFiles\Debug\moc_ComponentPicker.cpp">
      <Filter>Generated Files\Debug</Filter>
    </ClCompile>
    <ClCompile Include="GeneratedFiles\Release\moc_ComponentPicker.cpp">
      <Filter>Generated Files\Release</Filter>
    </ClCompile>
    <ClCompile Include="source\Widgets\ComponentPicker.cpp">
      <Filter>Source Files\Widgets</Filter>
    </ClCompile>
    <ClCompile Include="source\Widgets\ComponentPickerFactory.cpp">
      <Filter>Source Files\Widgets</Filter>
    </ClCompile>
    <ClCompile Include="source\Tiles\ComponentBrowserWidget.cpp">
      <Filter>Source Files\Tiles</Filter>
    </ClCompile>
    <ClCompile Include="source\Utility\IconDockStyle.cpp">
      <Filter>Source Files\Utility</Filter>
    </ClCompile>
    <ClCompile Include="source\Binders\ComponentListBinder.cpp">
      <Filter>Source Files\Binders</Filter>
    </ClCompile>
    <ClCompile Include="source\Interaction\DropInteraction.cpp">
      <Filter>Source Files\Interaction</Filter>
    </ClCompile>
    <ClCompile Include="source\Widgets\ComponentParameterWidget.cpp">
      <Filter>Source Files\Widgets</Filter>
    </ClCompile>
    <ClCompile Include="source\Widgets\FileCollectionWidget.cpp">
      <Filter>Source Files\Widgets</Filter>
    </ClCompile>
    <ClCompile Include="source\Docking\DockContainer.cpp">
      <Filter>Source Files\Docking</Filter>
    </ClCompile>
    <ClCompile Include="source\Docking\DockGroup.cpp">
      <Filter>Source Files\Docking</Filter>
    </ClCompile>
    <ClCompile Include="source\Docking\DockWidget.cpp">
      <Filter>Source Files\Docking</Filter>
    </ClCompile>
    <ClCompile Include="source\Visualization\Space.cpp">
      <Filter>Source Files\Visualization</Filter>
    </ClCompile>
    <ClCompile Include="source\Operations\EntityOperations.cpp">
      <Filter>Source Files\Operations</Filter>
    </ClCompile>
    <ClCompile Include="source\Modes\EntityModeState.cpp">
      <Filter>Source Files\Modes</Filter>
    </ClCompile>
    <ClCompile Include="source\Commands\RemoveEntity.cpp">
      <Filter>Source Files\Commands</Filter>
    </ClCompile>
  </ItemGroup>
  <ItemGroup>
    <ClInclude Include="GeneratedFiles\ui_MainWindow.h">
      <Filter>Generated Files</Filter>
    </ClInclude>
    <ClInclude Include="GeneratedFiles\ui_CodeView.h">
      <Filter>Generated Files</Filter>
    </ClInclude>
    <ClInclude Include="GeneratedFiles\ui_NewDocumentDialog.h">
      <Filter>Generated Files</Filter>
    </ClInclude>
    <ClInclude Include="GeneratedFiles\ui_WindowsDialog.h">
      <Filter>Generated Files</Filter>
    </ClInclude>
    <ClInclude Include="GeneratedFiles\ui_SceneView.h">
      <Filter>Generated Files</Filter>
    </ClInclude>
    <ClInclude Include="GeneratedFiles\ui_EntityBuilderWidget.h">
      <Filter>Generated Files</Filter>
    </ClInclude>
    <ClInclude Include="GeneratedFiles\ui_ControllerBuilderWidget.h">
      <Filter>Generated Files</Filter>
    </ClInclude>
    <ClInclude Include="GeneratedFiles\ui_AssetBrowserWidget.h">
      <Filter>Generated Files</Filter>
    </ClInclude>
    <ClInclude Include="GeneratedFiles\ui_ConsoleWidget.h">
      <Filter>Generated Files</Filter>
    </ClInclude>
    <ClInclude Include="GeneratedFiles\ui_BrowseWidget.h">
      <Filter>Generated Files</Filter>
    </ClInclude>
    <ClInclude Include="GeneratedFiles\ui_MeshImportDialog.h">
      <Filter>Generated Files</Filter>
    </ClInclude>
    <ClInclude Include="GeneratedFiles\ui_UndoHistoryWidget.h">
      <Filter>Generated Files</Filter>
    </ClInclude>
    <ClInclude Include="GeneratedFiles\ui_EntityPropertyWidget.h">
      <Filter>Generated Files</Filter>
    </ClInclude>
    <ClInclude Include="GeneratedFiles\ui_ShapeImportDialog.h">
      <Filter>Generated Files</Filter>
    </ClInclude>
    <ClInclude Include="GeneratedFiles\ui_EntitySelectionWidget.h">
      <Filter>Generated Files</Filter>
    </ClInclude>
    <ClInclude Include="GeneratedFiles\ui_ColorPicker.h">
      <Filter>Generated Files</Filter>
    </ClInclude>
    <ClInclude Include="GeneratedFiles\ui_GenericComponentPicker.h">
      <Filter>Generated Files</Filter>
    </ClInclude>
    <ClInclude Include="header\breezEd.h">
      <Filter>Source Files</Filter>
    </ClInclude>
    <ClInclude Include="header\DeviceManager.h">
      <Filter>Source Files</Filter>
    </ClInclude>
    <ClInclude Include="resource\resource.h">
      <Filter>Source Files</Filter>
    </ClInclude>
    <ClInclude Include="header\stdafx.h">
      <Filter>Source Files</Filter>
    </ClInclude>
    <ClInclude Include="header\Commands\ChangeProperty.h">
      <Filter>Source Files\Commands</Filter>
    </ClInclude>
    <ClInclude Include="header\Commands\CreateEntity.h">
      <Filter>Source Files\Commands</Filter>
    </ClInclude>
    <ClInclude Include="header\Commands\RotateEntity.h">
      <Filter>Source Files\Commands</Filter>
    </ClInclude>
    <ClInclude Include="header\Commands\ScaleEntity.h">
      <Filter>Source Files\Commands</Filter>
    </ClInclude>
    <ClInclude Include="header\Commands\SetComponent.h">
      <Filter>Source Files\Commands</Filter>
    </ClInclude>
    <ClInclude Include="header\Commands\TranslateEntity.h">
      <Filter>Source Files\Commands</Filter>
    </ClInclude>
    <ClInclude Include="header\Interaction\DropInteraction.h">
      <Filter>Source Files\Interaction</Filter>
    </ClInclude>
    <ClInclude Include="header\Interaction\Math.h">
      <Filter>Source Files\Interaction</Filter>
    </ClInclude>
    <ClInclude Include="header\Interaction\Widgets.h">
      <Filter>Source Files\Interaction</Filter>
    </ClInclude>
    <ClInclude Include="header\Plugins\AbstractPlugin.h">
      <Filter>Source Files\Plugins</Filter>
    </ClInclude>
    <ClInclude Include="header\Plugins\FactoryManager.h">
      <Filter>Source Files\Plugins</Filter>
    </ClInclude>
    <ClInclude Include="header\Plugins\PluginManager.h">
      <Filter>Source Files\Plugins</Filter>
    </ClInclude>
    <ClInclude Include="header\Utility\AbstractItemModel.h">
      <Filter>Source Files\Utility</Filter>
    </ClInclude>
    <ClInclude Include="header\Utility\Files.h">
      <Filter>Source Files\Utility</Filter>
    </ClInclude>
    <ClInclude Include="header\Utility\Strings.h">
      <Filter>Source Files\Utility</Filter>
    </ClInclude>
    <ClInclude Include="header\Utility\UI.h">
      <Filter>Source Files\Utility</Filter>
    </ClInclude>
    <ClInclude Include="header\Utility\Undo.h">
      <Filter>Source Files\Utility</Filter>
    </ClInclude>
    <ClInclude Include="header\Widgets\ComponentPickerFactory.h">
      <Filter>Source Files\Widgets</Filter>
    </ClInclude>
    <ClInclude Include="header\Documents\DocumentManager.h">
      <Filter>Source Files\Documents</Filter>
    </ClInclude>
    <ClInclude Include="header\Editor.h">
      <Filter>Source Files</Filter>
    </ClInclude>
    <ClInclude Include="header\Interaction\Interaction.h">
      <Filter>Source Files\Interaction</Filter>
    </ClInclude>
    <ClInclude Include="header\Interaction\Queries.h">
      <Filter>Source Files\Interaction</Filter>
    </ClInclude>
    <ClInclude Include="header\Utility\Checked.h">
      <Filter>Source Files\Utility</Filter>
    </ClInclude>
    <ClInclude Include="header\Utility\IconDockStyle.h">
      <Filter>Source Files\Utility</Filter>
    </ClInclude>
    <ClInclude Include="header\Utility\MimeData.h">
      <Filter>Source Files\Utility</Filter>
    </ClInclude>
    <ClInclude Include="header\Visualization\Space.h">
      <Filter>Source Files\Visualization</Filter>
    </ClInclude>
    <ClInclude Include="header\Operations\EntityOperations.h">
      <Filter>Source Files\Operations</Filter>
    </ClInclude>
    <ClInclude Include="header\Commands\RemoveEntity.h">
      <Filter>Source Files\Commands</Filter>
    </ClInclude>
  </ItemGroup>
  <ItemGroup>
    <ResourceCompile Include="resource\breezEd.rc">
      <Filter>Resource Files</Filter>
    </ResourceCompile>
  </ItemGroup>
  <ItemGroup>
    <None Include="resource\icons\app\breezEd.ico">
      <Filter>Resource Files</Filter>
    </None>
  </ItemGroup>
  <ItemGroup>
    <QtCompile Include="header\Documents\AbstractDocument.h">
      <Filter>Source Files\Documents</Filter>
    </QtCompile>
    <QtCompile Include="header\Documents\AbstractDocumentFactory.h">
      <Filter>Source Files\Documents</Filter>
    </QtCompile>
    <QtCompile Include="header\Documents\CodeDocument.h">
      <Filter>Source Files\Documents</Filter>
    </QtCompile>
    <QtCompile Include="header\Documents\SceneDocument.h">
      <Filter>Source Files\Documents</Filter>
    </QtCompile>
    <QtCompile Include="header\Binders\GenericPropertyBinder.h">
      <Filter>Source Files\Binders</Filter>
    </QtCompile>
    <QtCompile Include="header\Binders\FileTreeBinder.h">
      <Filter>Source Files\Binders</Filter>
    </QtCompile>
    <QtCompile Include="header\Binders\EntityPropertyBinder.h">
      <Filter>Source Files\Binders</Filter>
    </QtCompile>
    <QtCompile Include="header\Interaction\FreeCamera.h">
      <Filter>Source Files\Interaction</Filter>
    </QtCompile>
    <QtCompile Include="header\Interaction\TranslateInteraction.h">
      <Filter>Source Files\Interaction</Filter>
    </QtCompile>
    <QtCompile Include="header\Interaction\SelectInteraction.h">
      <Filter>Source Files\Interaction</Filter>
    </QtCompile>
    <QtCompile Include="header\Interaction\ScaleInteraction.h">
      <Filter>Source Files\Interaction</Filter>
    </QtCompile>
    <QtCompile Include="header\Interaction\RotateInteraction.h">
      <Filter>Source Files\Interaction</Filter>
    </QtCompile>
    <QtCompile Include="header\Modes\SceneModeState.h">
      <Filter>Source Files\Modes</Filter>
    </QtCompile>
    <QtCompile Include="header\Modes\ParallelMode.h">
      <Filter>Source Files\Modes</Filter>
    </QtCompile>
    <QtCompile Include="header\Modes\ModeState.h">
      <Filter>Source Files\Modes</Filter>
    </QtCompile>
    <QtCompile Include="header\Modes\Mode.h">
      <Filter>Source Files\Modes</Filter>
    </QtCompile>
    <QtCompile Include="header\Modes\EntityModeState.h">
      <Filter>Source Files\Modes</Filter>
    </QtCompile>
    <QtCompile Include="header\Modes\DocumentModeState.h">
      <Filter>Source Files\Modes</Filter>
    </QtCompile>
    <QtCompile Include="header\Modes\CodeViewModeState.h">
      <Filter>Source Files\Modes</Filter>
    </QtCompile>
    <QtCompile Include="header\Modes\CodeModeState.h">
      <Filter>Source Files\Modes</Filter>
    </QtCompile>
    <QtCompile Include="header\Modes\AbstractModeState.h">
      <Filter>Source Files\Modes</Filter>
    </QtCompile>
    <QtCompile Include="header\Tiles\UndoHistoryWidget.h">
      <Filter>Source Files\Tiles</Filter>
    </QtCompile>
    <QtCompile Include="header\Tiles\EntitySelectionWidget.h">
      <Filter>Source Files\Tiles</Filter>
    </QtCompile>
    <QtCompile Include="header\Tiles\EntityPropertyWidget.h">
      <Filter>Source Files\Tiles</Filter>
    </QtCompile>
    <QtCompile Include="header\Tiles\EntityBuilderWidget.h">
      <Filter>Source Files\Tiles</Filter>
    </QtCompile>
    <QtCompile Include="header\Tiles\ConsoleWidget.h">
      <Filter>Source Files\Tiles</Filter>
    </QtCompile>
    <QtCompile Include="header\Tiles\AssetBrowserWidget.h">
      <Filter>Source Files\Tiles</Filter>
    </QtCompile>
    <QtCompile Include="header\Utility\TreeViewEx.h">
      <Filter>Source Files\Utility</Filter>
    </QtCompile>
    <QtCompile Include="header\Utility\SlotObject.h">
      <Filter>Source Files\Utility</Filter>
    </QtCompile>
    <QtCompile Include="header\Utility\ItemDelegateEx.h">
      <Filter>Source Files\Utility</Filter>
    </QtCompile>
    <QtCompile Include="header\Utility\InputProvider.h">
      <Filter>Source Files\Utility</Filter>
    </QtCompile>
    <QtCompile Include="header\Utility\ExclusiveActionGroup.h">
      <Filter>Source Files\Utility</Filter>
    </QtCompile>
    <QtCompile Include="header\Utility\DragTreeWidget.h">
      <Filter>Source Files\Utility</Filter>
    </QtCompile>
    <QtCompile Include="header\Utility\CodeAutoFormatter.h">
      <Filter>Source Files\Utility</Filter>
    </QtCompile>
    <QtCompile Include="header\Utility\CanvasFrame.h">
      <Filter>Source Files\Utility</Filter>
    </QtCompile>
    <QtCompile Include="header\Views\AbstractView.h">
      <Filter>Source Files\Views</Filter>
    </QtCompile>
    <QtCompile Include="header\Views\CodeView.h">
      <Filter>Source Files\Views</Filter>
    </QtCompile>
    <QtCompile Include="header\Views\SceneView.h">
      <Filter>Source Files\Views</Filter>
    </QtCompile>
    <QtCompile Include="header\Widgets\BrowseWidget.h">
      <Filter>Source Files\Widgets</Filter>
    </QtCompile>
    <QtCompile Include="header\Widgets\ColorPicker.h">
      <Filter>Source Files\Widgets</Filter>
    </QtCompile>
    <QtCompile Include="header\Widgets\ComponentPicker.h">
      <Filter>Source Files\Widgets</Filter>
    </QtCompile>
    <QtCompile Include="header\Widgets\ControllerBuilderWidget.h">
      <Filter>Source Files\Widgets</Filter>
    </QtCompile>
    <QtCompile Include="header\Widgets\GenericComponentPicker.h">
      <Filter>Source Files\Widgets</Filter>
    </QtCompile>
    <QtCompile Include="header\Widgets\GraphicsCanvas.h">
      <Filter>Source Files\Widgets</Filter>
    </QtCompile>
    <QtCompile Include="header\Windows\MainWindow.h">
      <Filter>Source Files\Windows</Filter>
    </QtCompile>
    <QtCompile Include="header\Windows\MdiDocumentWindow.h">
      <Filter>Source Files\Windows</Filter>
    </QtCompile>
    <QtCompile Include="header\Windows\MeshImportDialog.h">
      <Filter>Source Files\Windows</Filter>
    </QtCompile>
    <QtCompile Include="header\Windows\NewDocumentDialog.h">
      <Filter>Source Files\Windows</Filter>
    </QtCompile>
    <QtCompile Include="header\Windows\ShapeImportDialog.h">
      <Filter>Source Files\Windows</Filter>
    </QtCompile>
    <QtCompile Include="header\Windows\WindowsDialog.h">
      <Filter>Source Files\Windows</Filter>
    </QtCompile>
    <QtCompile Include="header\Tiles\ComponentBrowserWidget.h">
      <Filter>Source Files\Tiles</Filter>
    </QtCompile>
    <QtCompile Include="header\Binders\ComponentListBinder.h">
      <Filter>Source Files\Binders</Filter>
    </QtCompile>
    <QtCompile Include="header\Utility\InlineEditor.h">
      <Filter>Source Files\Utility</Filter>
    </QtCompile>
    <QtCompile Include="header\Utility\WidgetSupport.h">
      <Filter>Source Files\Utility</Filter>
    </QtCompile>
    <QtCompile Include="header\Utility\CollectionListWidget.h">
      <Filter>Source Files\Utility</Filter>
    </QtCompile>
    <QtCompile Include="header\Utility\ItemDelegateProxy.h">
      <Filter>Source Files\Utility</Filter>
    </QtCompile>
    <QtCompile Include="header\Widgets\ComponentParameterWidget.h">
      <Filter>Source Files\Widgets</Filter>
    </QtCompile>
    <QtCompile Include="header\Widgets\FileCollectionWidget.h">
      <Filter>Source Files\Widgets</Filter>
    </QtCompile>
    <QtCompile Include="header\Docking\DockContainer.h">
      <Filter>Source Files\Docking</Filter>
    </QtCompile>
    <QtCompile Include="header\Docking\DockGroup.h">
      <Filter>Source Files\Docking</Filter>
    </QtCompile>
    <QtCompile Include="header\Docking\DockWidget.h">
      <Filter>Source Files\Docking</Filter>
    </QtCompile>
  </ItemGroup>
  <ItemGroup>
    <QtUiCompile Include="ui\AssetBrowserWidget.ui">
      <Filter>Form Files</Filter>
    </QtUiCompile>
    <QtUiCompile Include="ui\BrowseWidget.ui">
      <Filter>Form Files</Filter>
    </QtUiCompile>
    <QtUiCompile Include="ui\CodeView.ui">
      <Filter>Form Files</Filter>
    </QtUiCompile>
    <QtUiCompile Include="ui\ColorPicker.ui">
      <Filter>Form Files</Filter>
    </QtUiCompile>
    <QtUiCompile Include="ui\ConsoleWidget.ui">
      <Filter>Form Files</Filter>
    </QtUiCompile>
    <QtUiCompile Include="ui\ControllerBuilderWidget.ui">
      <Filter>Form Files</Filter>
    </QtUiCompile>
    <QtUiCompile Include="ui\EntityBuilderWidget.ui">
      <Filter>Form Files</Filter>
    </QtUiCompile>
    <QtUiCompile Include="ui\EntityPropertyWidget.ui">
      <Filter>Form Files</Filter>
    </QtUiCompile>
    <QtUiCompile Include="ui\EntitySelectionWidget.ui">
      <Filter>Form Files</Filter>
    </QtUiCompile>
    <QtUiCompile Include="ui\GenericComponentPicker.ui">
      <Filter>Form Files</Filter>
    </QtUiCompile>
    <QtUiCompile Include="ui\MainWindow.ui">
      <Filter>Form Files</Filter>
    </QtUiCompile>
    <QtUiCompile Include="ui\MeshImportDialog.ui">
      <Filter>Form Files</Filter>
    </QtUiCompile>
    <QtUiCompile Include="ui\NewDocumentDialog.ui">
      <Filter>Form Files</Filter>
    </QtUiCompile>
    <QtUiCompile Include="ui\SceneView.ui">
      <Filter>Form Files</Filter>
    </QtUiCompile>
    <QtUiCompile Include="ui\ShapeImportDialog.ui">
      <Filter>Form Files</Filter>
    </QtUiCompile>
    <QtUiCompile Include="ui\UndoHistoryWidget.ui">
      <Filter>Form Files</Filter>
    </QtUiCompile>
    <QtUiCompile Include="ui\WindowsDialog.ui">
      <Filter>Form Files</Filter>
    </QtUiCompile>
    <QtUiCompile Include="ui\ComponentBrowserWidget.ui">
      <Filter>Form Files</Filter>
    </QtUiCompile>
  </ItemGroup>
  <ItemGroup>
    <QtRcCompile Include="resource\breezEd.qrc">
      <Filter>Resource Files</Filter>
    </QtRcCompile>
  </ItemGroup>
</Project>