<?xml version="1.0" encoding="utf-8"?>
<Project ToolsVersion="4.0" xmlns="http://schemas.microsoft.com/developer/msbuild/2003">
  <ItemGroup>
    <Filter Include="Source Files">
      <UniqueIdentifier>{4FC737F1-C7A5-4376-A066-2A32D752A2FF}</UniqueIdentifier>
      <Extensions>cpp;c;cc;cxx;def;odl;idl;hpj;bat;asm;asmx</Extensions>
    </Filter>
    <Filter Include="Header Files">
      <UniqueIdentifier>{93995380-89BD-4b04-88EB-625FBE52EBFB}</UniqueIdentifier>
      <Extensions>h;hpp;hxx;hm;inl;inc;xsd</Extensions>
    </Filter>
    <Filter Include="Resource Files">
      <UniqueIdentifier>{67DA6AB6-F800-4c08-8B7A-83BB121AAD01}</UniqueIdentifier>
      <Extensions>rc;ico;cur;bmp;dlg;rc2;rct;bin;rgs;gif;jpg;jpeg;jpe;resx;tiff;tif;png;wav;mfcribbon-ms</Extensions>
    </Filter>
    <Filter Include="Header Files\Pipeline">
      <UniqueIdentifier>{e9f86ffa-61ab-4dbf-a79c-184aec5bfe8e}</UniqueIdentifier>
    </Filter>
    <Filter Include="Source Files\Pipeline">
      <UniqueIdentifier>{1fff0fd9-7047-4d1a-acae-62ba36b2db0a}</UniqueIdentifier>
    </Filter>
    <Filter Include="Source Files\Effect Binders">
      <UniqueIdentifier>{8e589eb3-6487-4fbc-940c-2cb1b4cdc5d0}</UniqueIdentifier>
    </Filter>
    <Filter Include="Header Files\Effect Binders">
      <UniqueIdentifier>{2aefbf72-1752-4f47-a99d-ff02c035fe14}</UniqueIdentifier>
    </Filter>
    <Filter Include="Header Files\Meshes">
      <UniqueIdentifier>{426bb213-6ac2-41d7-b82e-38359e2254ad}</UniqueIdentifier>
    </Filter>
    <Filter Include="Source Files\Meshes">
      <UniqueIdentifier>{93257d37-4304-428e-8536-01e5f6090e3f}</UniqueIdentifier>
    </Filter>
    <Filter Include="Header Files\Lights">
      <UniqueIdentifier>{418a6533-e11d-41bd-ae71-dd86d8655503}</UniqueIdentifier>
    </Filter>
    <Filter Include="Header Files\Renderables">
      <UniqueIdentifier>{5eb20dfa-660c-4803-b5e2-675bae0e4854}</UniqueIdentifier>
    </Filter>
    <Filter Include="Header Files\Processing">
      <UniqueIdentifier>{87625425-feea-4f64-b452-00c4f8e522db}</UniqueIdentifier>
    </Filter>
    <Filter Include="Source Files\Renderables">
      <UniqueIdentifier>{cb134509-fb79-470b-8f6c-34272c2c38ad}</UniqueIdentifier>
    </Filter>
    <Filter Include="Source Files\Processing">
      <UniqueIdentifier>{f018b3ea-c054-4b1d-b601-e68ac20a627f}</UniqueIdentifier>
    </Filter>
    <Filter Include="Source Files\Lights">
      <UniqueIdentifier>{51c1b231-6acc-4a52-b0f3-45c68cb1723a}</UniqueIdentifier>
    </Filter>
    <Filter Include="Header Files\Serialization">
      <UniqueIdentifier>{b20506f4-154d-4809-9d18-e8ec93d783da}</UniqueIdentifier>
    </Filter>
    <Filter Include="Source Files\Serialization">
      <UniqueIdentifier>{4218c0ba-f76e-40c7-8482-fde3e4db6526}</UniqueIdentifier>
    </Filter>
    <Filter Include="Header Files\Meshes\DX11">
      <UniqueIdentifier>{7bd4ba55-8962-4e1c-94eb-031ab177c276}</UniqueIdentifier>
    </Filter>
    <Filter Include="Source Files\Meshes\DX11">
      <UniqueIdentifier>{17f53dd3-4dd6-47c5-9dec-6e31952ab59a}</UniqueIdentifier>
    </Filter>
    <Filter Include="Header Files\Material">
      <UniqueIdentifier>{fa7770f6-1446-4033-b89c-474a019740c5}</UniqueIdentifier>
    </Filter>
    <Filter Include="Header Files\Material\DX11">
      <UniqueIdentifier>{3081c8bf-6618-4f4c-a1bf-27ecd153d803}</UniqueIdentifier>
    </Filter>
    <Filter Include="Source Files\Material">
      <UniqueIdentifier>{9792cbff-f8d3-45e9-b7d3-6cb91a446e9c}</UniqueIdentifier>
    </Filter>
    <Filter Include="Source Files\Material\DX11">
      <UniqueIdentifier>{32ea31ce-ed1c-4612-9a02-cbb07aeb348a}</UniqueIdentifier>
    </Filter>
    <Filter Include="Header Files\Pipeline\DX11">
      <UniqueIdentifier>{8e69336e-7072-4491-be98-f9e432648de3}</UniqueIdentifier>
    </Filter>
    <Filter Include="Source Files\Pipeline\DX11">
      <UniqueIdentifier>{5f5b9c46-8c81-4554-a151-3ab7b34dfccb}</UniqueIdentifier>
    </Filter>
  </ItemGroup>
  <ItemGroup>
    <None Include="ReadMe.txt" />
  </ItemGroup>
  <ItemGroup>
    <ClInclude Include="header\beSceneInternal\targetver.h">
      <Filter>Header Files</Filter>
    </ClInclude>
    <ClInclude Include="header\beSceneInternal\stdafx.h">
      <Filter>Header Files</Filter>
    </ClInclude>
    <ClInclude Include="header\beScene\beScene.h">
      <Filter>Header Files</Filter>
    </ClInclude>
    <ClInclude Include="header\beScene\beSceneController.h">
      <Filter>Header Files</Filter>
    </ClInclude>
    <ClInclude Include="header\beScene\beMaterialSort.h">
      <Filter>Header Files</Filter>
    </ClInclude>
    <ClInclude Include="header\beScene\beEffectBinderCache.h">
      <Filter>Header Files\Effect Binders</Filter>
    </ClInclude>
    <ClInclude Include="header\beScene\beEffectBinder.h">
      <Filter>Header Files\Effect Binders</Filter>
    </ClInclude>
    <ClInclude Include="header\beScene\beRenderableEffectBinder.h">
      <Filter>Header Files\Effect Binders</Filter>
    </ClInclude>
    <ClInclude Include="header\beScene\bePipelineEffectBinder.h">
      <Filter>Header Files\Effect Binders</Filter>
    </ClInclude>
    <ClInclude Include="header\beScene\beRenderingPipeline.h">
      <Filter>Header Files\Pipeline</Filter>
    </ClInclude>
    <ClInclude Include="header\beScene\beRenderingLimits.h">
      <Filter>Header Files\Pipeline</Filter>
    </ClInclude>
    <ClInclude Include="header\beScene\bePerspectiveModifier.h">
      <Filter>Header Files\Pipeline</Filter>
    </ClInclude>
    <ClInclude Include="header\beScene\beEffectDriver.h">
      <Filter>Header Files\Effect Binders</Filter>
    </ClInclude>
    <ClInclude Include="header\beScene\beAbstractRenderableEffectDriver.h">
      <Filter>Header Files\Effect Binders</Filter>
    </ClInclude>
    <ClInclude Include="header\beScene\beRenderableEffectDriver.h">
      <Filter>Header Files\Effect Binders</Filter>
    </ClInclude>
    <ClInclude Include="header\beScene\bePerspectiveEffectBinder.h">
      <Filter>Header Files\Effect Binders</Filter>
    </ClInclude>
    <ClInclude Include="header\beScene\bePerspectiveEffectBinderPool.h">
      <Filter>Header Files\Effect Binders</Filter>
    </ClInclude>
    <ClInclude Include="header\beScene\beMesh.h">
      <Filter>Header Files\Meshes</Filter>
    </ClInclude>
    <ClInclude Include="header\beScene\bePipelinePerspective.h">
      <Filter>Header Files\Pipeline</Filter>
    </ClInclude>
    <ClInclude Include="header\beScene\beMeshGeneration.h">
      <Filter>Header Files\Meshes</Filter>
    </ClInclude>
    <ClInclude Include="header\beScene\beRenderableEffectDriverCache.h">
      <Filter>Header Files\Effect Binders</Filter>
    </ClInclude>
    <ClInclude Include="header\beScene\beCameraController.h">
      <Filter>Header Files</Filter>
    </ClInclude>
    <ClInclude Include="header\beScene\bePipe.h">
      <Filter>Header Files\Pipeline</Filter>
    </ClInclude>
    <ClInclude Include="header\beScene\bePipeEffectBinder.h">
      <Filter>Header Files\Effect Binders</Filter>
    </ClInclude>
    <ClInclude Include="header\beScene\bePassSequence.h">
      <Filter>Header Files\Effect Binders</Filter>
    </ClInclude>
    <ClInclude Include="header\beScene\beRenderableProcessingEffectDriver.h">
      <Filter>Header Files\Effect Binders</Filter>
    </ClInclude>
    <ClInclude Include="header\beScene\beQueuedPass.h">
      <Filter>Header Files\Effect Binders</Filter>
    </ClInclude>
    <ClInclude Include="header\beScene\beEffectDrivenRenderer.h">
      <Filter>Header Files\Pipeline</Filter>
    </ClInclude>
    <ClInclude Include="header\beScene\beRenderer.h">
      <Filter>Header Files\Pipeline</Filter>
    </ClInclude>
    <ClInclude Include="header\beScene\beProcessor.h">
      <Filter>Header Files</Filter>
    </ClInclude>
    <ClInclude Include="header\beScene\beProcessingEffectDriver.h">
      <Filter>Header Files\Effect Binders</Filter>
    </ClInclude>
    <ClInclude Include="header\beScene\beProcessingEffectDriverCache.h">
      <Filter>Header Files\Effect Binders</Filter>
    </ClInclude>
    <ClInclude Include="header\beScene\beAbstractProcessingEffectDriver.h">
      <Filter>Header Files\Effect Binders</Filter>
    </ClInclude>
    <ClInclude Include="header\beScene\beRenderContext.h">
      <Filter>Header Files</Filter>
    </ClInclude>
    <ClInclude Include="header\beScene\beQueueSetup.h">
      <Filter>Header Files\Pipeline</Filter>
    </ClInclude>
    <ClInclude Include="header\beScene\beStateQueueSetup.h">
      <Filter>Header Files\Pipeline</Filter>
    </ClInclude>
    <ClInclude Include="header\beScene\beStateEffectBinder.h">
      <Filter>Header Files\Effect Binders</Filter>
    </ClInclude>
    <ClInclude Include="header\beScene\beEffectQueueSetup.h">
      <Filter>Header Files\Pipeline</Filter>
    </ClInclude>
    <ClInclude Include="header\beScene\beShaderDrivenPipeline.h">
      <Filter>Header Files\Effect Binders</Filter>
    </ClInclude>
    <ClInclude Include="header\beScene\beLightEffectBinder.h">
      <Filter>Header Files\Effect Binders</Filter>
    </ClInclude>
    <ClInclude Include="header\beScene\bePipePool.h">
      <Filter>Header Files\Pipeline</Filter>
    </ClInclude>
    <ClInclude Include="header\beScene\bePerspectiveScheduler.h">
      <Filter>Header Files\Pipeline</Filter>
    </ClInclude>
    <ClInclude Include="header\beScene\beSpotLightController.h">
      <Filter>Header Files\Lights</Filter>
    </ClInclude>
    <ClInclude Include="header\beScene\beDirectionalLightController.h">
      <Filter>Header Files\Lights</Filter>
    </ClInclude>
    <ClInclude Include="header\beScene\bePointLightController.h">
      <Filter>Header Files\Lights</Filter>
    </ClInclude>
    <ClInclude Include="header\beScene\beMeshController.h">
      <Filter>Header Files\Renderables</Filter>
    </ClInclude>
    <ClInclude Include="header\beScene\beQuadProcessor.h">
      <Filter>Header Files\Processing</Filter>
    </ClInclude>
    <ClInclude Include="header\beScene\beProcessingPipeline.h">
      <Filter>Header Files\Processing</Filter>
    </ClInclude>
    <ClInclude Include="header\beScene\bePipelineProcessor.h">
      <Filter>Header Files\Pipeline</Filter>
    </ClInclude>
    <ClInclude Include="header\beScene\beResourceManager.h">
      <Filter>Header Files</Filter>
    </ClInclude>
    <ClInclude Include="header\beScene\beEntityController.h">
      <Filter>Header Files</Filter>
    </ClInclude>
    <ClInclude Include="header\beScene\beMeshSerialization.h">
      <Filter>Header Files\Meshes</Filter>
    </ClInclude>
    <ClInclude Include="header\beScene\beMeshCompound.h">
      <Filter>Header Files\Meshes</Filter>
    </ClInclude>
    <ClInclude Include="header\beScene\beSerializationParameters.h">
      <Filter>Header Files\Serialization</Filter>
    </ClInclude>
    <ClInclude Include="header\beScene\DX11\beMesh.h">
      <Filter>Header Files\Meshes\DX11</Filter>
    </ClInclude>
    <ClInclude Include="header\beScene\DX11\beMeshGeneration.h">
      <Filter>Header Files\Meshes\DX11</Filter>
    </ClInclude>
    <ClInclude Include="header\beScene\beMeshCache.h">
      <Filter>Header Files\Meshes</Filter>
    </ClInclude>
    <ClInclude Include="header\beScene\DX11\beMeshCache.h">
      <Filter>Header Files\Meshes\DX11</Filter>
    </ClInclude>
    <ClInclude Include="header\beScene\beMaterialDriven.h">
      <Filter>Header Files\Material</Filter>
    </ClInclude>
    <ClInclude Include="header\beScene\beMaterial.h">
      <Filter>Header Files\Material</Filter>
    </ClInclude>
    <ClInclude Include="header\beScene\beMaterialCache.h">
      <Filter>Header Files\Material</Filter>
    </ClInclude>
    <ClInclude Include="header\beScene\DX11\beMaterialCache.h">
      <Filter>Header Files\Material\DX11</Filter>
    </ClInclude>
    <ClInclude Include="header\beScene\DX11\bePipe.h">
      <Filter>Header Files\Pipeline\DX11</Filter>
    </ClInclude>
    <ClInclude Include="header\beScene\beScenery.h">
      <Filter>Header Files\Pipeline</Filter>
    </ClInclude>
    <ClInclude Include="header\beScene\beRenderable.h">
      <Filter>Header Files\Pipeline</Filter>
    </ClInclude>
    <ClInclude Include="header\beScene\beLight.h">
      <Filter>Header Files\Pipeline</Filter>
    </ClInclude>
    <ClInclude Include="header\beScene\bePerspective.h">
      <Filter>Header Files\Pipeline</Filter>
    </ClInclude>
    <ClInclude Include="header\beScene\beRenderJob.h">
      <Filter>Header Files\Pipeline</Filter>
    </ClInclude>
    <ClInclude Include="header\beScene\beFlatScenery.h">
      <Filter>Header Files\Pipeline</Filter>
    </ClInclude>
    <ClInclude Include="header\beScene\beRenderableMaterial.h">
      <Filter>Header Files\Material</Filter>
    </ClInclude>
    <ClInclude Include="header\beScene\beDynamicScenery.h">
      <Filter>Header Files\Pipeline</Filter>
    </ClInclude>
    <ClInclude Include="header\beScene\beRenderableEffectData.h">
      <Filter>Header Files\Effect Binders</Filter>
    </ClInclude>
    <ClInclude Include="header\beScene\beRenderableMaterialCache.h">
      <Filter>Header Files\Material</Filter>
    </ClInclude>
    <ClInclude Include="header\beScene\beMaterialSerialization.h">
      <Filter>Header Files\Material</Filter>
    </ClInclude>
    <ClInclude Include="header\beScene\beLightControllerSerializer.h">
      <Filter>Header Files\Lights</Filter>
    </ClInclude>
    <ClInclude Include="header\beScene\beMeshControllerSerializer.h">
      <Filter>Header Files\Renderables</Filter>
    </ClInclude>
    <ClInclude Include="header\beScene\beInlineMaterialSerialization.h">
      <Filter>Header Files\Material</Filter>
    </ClInclude>
  </ItemGroup>
  <ItemGroup>
    <ClCompile Include="source\dllmain.cpp">
      <Filter>Source Files</Filter>
    </ClCompile>
    <ClCompile Include="source\stdafx.cpp">
      <Filter>Source Files</Filter>
    </ClCompile>
    <ClCompile Include="source\beScene.cpp">
      <Filter>Source Files</Filter>
    </ClCompile>
    <ClCompile Include="source\beSceneController.cpp">
      <Filter>Source Files</Filter>
    </ClCompile>
    <ClCompile Include="source\beRenderingPipeline.cpp">
      <Filter>Source Files\Pipeline</Filter>
    </ClCompile>
    <ClCompile Include="source\bePipelineEffectBinder.cpp">
      <Filter>Source Files\Effect Binders</Filter>
    </ClCompile>
    <ClCompile Include="source\beRenderableEffectBinder.cpp">
      <Filter>Source Files\Effect Binders</Filter>
    </ClCompile>
    <ClCompile Include="source\beRenderableEffectDriver.cpp">
      <Filter>Source Files\Effect Binders</Filter>
    </ClCompile>
    <ClCompile Include="source\bePerspectiveEffectBinder.cpp">
      <Filter>Source Files\Effect Binders</Filter>
    </ClCompile>
    <ClCompile Include="source\bePerspectiveEffectBinderPool.cpp">
      <Filter>Source Files\Effect Binders</Filter>
    </ClCompile>
    <ClCompile Include="source\bePipelinePerspective.cpp">
      <Filter>Source Files\Pipeline</Filter>
    </ClCompile>
    <ClCompile Include="source\beMeshGeneration.cpp">
      <Filter>Source Files\Meshes</Filter>
    </ClCompile>
    <ClCompile Include="source\beRenderableEffectDriverCache.cpp">
      <Filter>Source Files\Effect Binders</Filter>
    </ClCompile>
    <ClCompile Include="source\beCameraController.cpp">
      <Filter>Source Files</Filter>
    </ClCompile>
    <ClCompile Include="source\bePipe.cpp">
      <Filter>Source Files\Pipeline</Filter>
    </ClCompile>
    <ClCompile Include="source\bePipeEffectBinder.cpp">
      <Filter>Source Files\Effect Binders</Filter>
    </ClCompile>
    <ClCompile Include="source\beRenderableProcessingEffectDriver.cpp">
      <Filter>Source Files\Effect Binders</Filter>
    </ClCompile>
    <ClCompile Include="source\beRenderer.cpp">
      <Filter>Source Files\Pipeline</Filter>
    </ClCompile>
    <ClCompile Include="source\beEffectDrivenRenderer.cpp">
      <Filter>Source Files\Pipeline</Filter>
    </ClCompile>
    <ClCompile Include="source\beProcessingEffectDriverCache.cpp">
      <Filter>Source Files\Effect Binders</Filter>
    </ClCompile>
    <ClCompile Include="source\beProcessingEffectDriver.cpp">
      <Filter>Source Files\Effect Binders</Filter>
    </ClCompile>
    <ClCompile Include="source\beRenderContext.cpp">
      <Filter>Source Files</Filter>
    </ClCompile>
    <ClCompile Include="source\beStateQueueSetup.cpp">
      <Filter>Source Files\Pipeline</Filter>
    </ClCompile>
    <ClCompile Include="source\beStateEffectBinder.cpp">
      <Filter>Source Files\Effect Binders</Filter>
    </ClCompile>
    <ClCompile Include="source\beEffectQueueSetup.cpp">
      <Filter>Source Files\Pipeline</Filter>
    </ClCompile>
    <ClCompile Include="source\beShaderDrivenPipeline.cpp">
      <Filter>Source Files\Effect Binders</Filter>
    </ClCompile>
    <ClCompile Include="source\beLightEffectBinder.cpp">
      <Filter>Source Files\Effect Binders</Filter>
    </ClCompile>
    <ClCompile Include="source\bePipePool.cpp">
      <Filter>Source Files\Pipeline</Filter>
    </ClCompile>
    <ClCompile Include="source\beQuadProcessor.cpp">
      <Filter>Source Files\Processing</Filter>
    </ClCompile>
    <ClCompile Include="source\beProcessingPipeline.cpp">
      <Filter>Source Files\Processing</Filter>
    </ClCompile>
    <ClCompile Include="source\beSpotLightController.cpp">
      <Filter>Source Files\Lights</Filter>
    </ClCompile>
    <ClCompile Include="source\beMeshController.cpp">
      <Filter>Source Files\Renderables</Filter>
    </ClCompile>
    <ClCompile Include="source\beDirectionalLightController.cpp">
      <Filter>Source Files\Lights</Filter>
    </ClCompile>
    <ClCompile Include="source\bePointLightController.cpp">
      <Filter>Source Files\Lights</Filter>
    </ClCompile>
    <ClCompile Include="source\beResourceManager.cpp">
      <Filter>Source Files</Filter>
    </ClCompile>
    <ClCompile Include="source\beEntityController.cpp">
      <Filter>Source Files</Filter>
    </ClCompile>
    <ClCompile Include="source\beMeshCompound.cpp">
      <Filter>Source Files\Meshes</Filter>
    </ClCompile>
    <ClCompile Include="source\beMeshSerialization.cpp">
      <Filter>Source Files\Meshes</Filter>
    </ClCompile>
    <ClCompile Include="source\beSerializationParameters.cpp">
      <Filter>Source Files\Serialization</Filter>
    </ClCompile>
    <ClCompile Include="source\DX11\beMesh.cpp">
      <Filter>Source Files\Meshes\DX11</Filter>
    </ClCompile>
    <ClCompile Include="source\DX11\beMeshCache.cpp">
      <Filter>Source Files\Meshes\DX11</Filter>
    </ClCompile>
    <ClCompile Include="source\beMaterial.cpp">
      <Filter>Source Files\Material</Filter>
    </ClCompile>
    <ClCompile Include="source\DX11\beMaterialCache.cpp">
      <Filter>Source Files\Material\DX11</Filter>
    </ClCompile>
    <ClCompile Include="source\DX11\bePipe.cpp">
      <Filter>Source Files\Pipeline\DX11</Filter>
    </ClCompile>
    <ClCompile Include="source\beFlatScenery.cpp">
      <Filter>Source Files\Pipeline</Filter>
    </ClCompile>
    <ClCompile Include="source\bePerspective.cpp">
      <Filter>Source Files\Pipeline</Filter>
    </ClCompile>
    <ClCompile Include="source\beLight.cpp">
      <Filter>Source Files\Pipeline</Filter>
    </ClCompile>
    <ClCompile Include="source\beRenderableMaterial.cpp">
      <Filter>Source Files\Material</Filter>
    </ClCompile>
    <ClCompile Include="source\beRenderableMaterialCache.cpp">
      <Filter>Source Files\Material</Filter>
    </ClCompile>
    <ClCompile Include="source\beMaterialSerialization.cpp">
      <Filter>Source Files\Material</Filter>
    </ClCompile>
    <ClCompile Include="source\beInlineMaterialSerialization.cpp">
      <Filter>Source Files\Material</Filter>
    </ClCompile>
    <ClCompile Include="source\beMeshControllerSerializer.cpp">
      <Filter>Source Files\Renderables</Filter>
    </ClCompile>
    <ClCompile Include="source\beLightControllerSerialization.cpp">
      <Filter>Source Files\Lights</Filter>
    </ClCompile>
    <ClCompile Include="source\beMaterialComponents.cpp">
      <Filter>Source Files\Material</Filter>
    </ClCompile>
    <ClCompile Include="source\beEffectComponent.cpp">
      <Filter>Source Files\Material</Filter>
    </ClCompile>
  </ItemGroup>
</Project>