<?xml version="1.0" encoding="utf-8"?>
<Project ToolsVersion="4.0" xmlns="http://schemas.microsoft.com/developer/msbuild/2003">
  <ItemGroup>
    <Filter Include="Source Files">
      <UniqueIdentifier>{4FC737F1-C7A5-4376-A066-2A32D752A2FF}</UniqueIdentifier>
      <Extensions>cpp;c;cc;cxx;def;odl;idl;hpj;bat;asm;asmx</Extensions>
    </Filter>
    <Filter Include="Resource Files">
      <UniqueIdentifier>{67DA6AB6-F800-4c08-8B7A-83BB121AAD01}</UniqueIdentifier>
      <Extensions>rc;ico;cur;bmp;dlg;rc2;rct;bin;rgs;gif;jpg;jpeg;jpe;resx;tiff;tif;png;wav;mfcribbon-ms</Extensions>
    </Filter>
    <Filter Include="Source Files\Controllers">
      <UniqueIdentifier>{c67d5994-8956-4a62-af02-8aeef07f9570}</UniqueIdentifier>
    </Filter>
  </ItemGroup>
  <ItemGroup>
    <None Include="ReadMe.txt" />
  </ItemGroup>
  <ItemGroup>
    <ClInclude Include="header\beAssets\beAssets.h">
      <Filter>Source Files</Filter>
    </ClInclude>
    <ClInclude Include="header\beAssetsInternal\stdafx.h">
      <Filter>Source Files</Filter>
    </ClInclude>
    <ClInclude Include="header\beAssetsInternal\targetver.h">
      <Filter>Source Files</Filter>
    </ClInclude>
    <ClInclude Include="header\beAssets\beCoverGeometry.h">
      <Filter>Source Files\Controllers</Filter>
    </ClInclude>
    <ClInclude Include="header\beAssets\beSteps.h">
      <Filter>Source Files\Controllers</Filter>
    </ClInclude>
    <ClInclude Include="header\beAssets\beTerrain.h">
      <Filter>Source Files\Controllers</Filter>
    </ClInclude>
    <ClInclude Include="header\beAssets\beSuspension.h">
      <Filter>Source Files\Controllers</Filter>
    </ClInclude>
    <ClInclude Include="header\beAssets\beWaterControllers.h">
      <Filter>Source Files\Controllers</Filter>
    </ClInclude>
  </ItemGroup>
  <ItemGroup>
    <ClCompile Include="source\dllmain.cpp">
      <Filter>Source Files</Filter>
    </ClCompile>
    <ClCompile Include="source\stdafx.cpp">
      <Filter>Source Files</Filter>
    </ClCompile>
    <ClCompile Include="source\beAssets.cpp">
      <Filter>Source Files</Filter>
    </ClCompile>
    <ClCompile Include="source\beCoverGeometry.cpp">
      <Filter>Source Files\Controllers</Filter>
    </ClCompile>
    <ClCompile Include="source\beTerrain.cpp">
      <Filter>Source Files\Controllers</Filter>
    </ClCompile>
    <ClCompile Include="source\beSteps.cpp">
      <Filter>Source Files\Controllers</Filter>
    </ClCompile>
    <ClCompile Include="source\beSuspension.cpp">
      <Filter>Source Files\Controllers</Filter>
    </ClCompile>
    <ClCompile Include="source\beWaterControllers.cpp">
      <Filter>Source Files\Controllers</Filter>
    </ClCompile>
  </ItemGroup>
</Project>